PODS:
  - GoogleWebRTC (1.1.29400)
  - MJExtension (3.2.1)
  - SocketRocket (0.5.1)

DEPENDENCIES:
  - GoogleWebRTC (~> 1.1.29400)
  - MJExtension (~> 3.2.1)
  - SocketRocket (~> 0.5.1)

SPEC REPOS:
  https://github.com/CocoaPods/Specs.git:
    - GoogleWebRTC
    - MJExtension
    - SocketRocket

SPEC CHECKSUMS:
  GoogleWebRTC: cfb83bc346435a17fe06bb05f04ad826b858a7fb
  MJExtension: 635f2c663dcb1bf76fa4b715b2570a5710aec545
  SocketRocket: d57c7159b83c3c6655745cd15302aa24b6bae531

PODFILE CHECKSUM: a0dd80b4d7e7baa08500e7a02936f938658eff83

COCOAPODS: 1.9.1
