// !$*UTF8*$!
{
	archiveVersion = 1;
	classes = {
	};
	objectVersion = 50;
	objects = {

/* Begin PBXBuildFile section */
		E6400F3524B8507F004C7060 /* AppDelegate.m in Sources */ = {isa = PBXBuildFile; fileRef = E6400F3424B8507F004C7060 /* AppDelegate.m */; };
		E6400F3824B8507F004C7060 /* ViewController.m in Sources */ = {isa = PBXBuildFile; fileRef = E6400F3724B8507F004C7060 /* ViewController.m */; };
		E6400F3B24B8507F004C7060 /* Main.storyboard in Resources */ = {isa = PBXBuildFile; fileRef = E6400F3924B8507F004C7060 /* Main.storyboard */; };
		E6400F3D24B85080004C7060 /* Assets.xcassets in Resources */ = {isa = PBXBuildFile; fileRef = E6400F3C24B85080004C7060 /* Assets.xcassets */; };
		E6400F4024B85080004C7060 /* LaunchScreen.storyboard in Resources */ = {isa = PBXBuildFile; fileRef = E6400F3E24B85080004C7060 /* LaunchScreen.storyboard */; };
		E6400F4324B85080004C7060 /* main.m in Sources */ = {isa = PBXBuildFile; fileRef = E6400F4224B85080004C7060 /* main.m */; };
		E66C2BE4250A338D00153CD7 /* KSSuperController+Category.m in Sources */ = {isa = PBXBuildFile; fileRef = E66C2AE3250A338D00153CD7 /* KSSuperController+Category.m */; };
		E66C2BE5250A338D00153CD7 /* NSDictionary+Category.m in Sources */ = {isa = PBXBuildFile; fileRef = E66C2AE5250A338D00153CD7 /* NSDictionary+Category.m */; };
		E66C2BE6250A338D00153CD7 /* NSObject+Category.m in Sources */ = {isa = PBXBuildFile; fileRef = E66C2AE7250A338D00153CD7 /* NSObject+Category.m */; };
		E66C2BE7250A338D00153CD7 /* NSString+Category.m in Sources */ = {isa = PBXBuildFile; fileRef = E66C2AE9250A338D00153CD7 /* NSString+Category.m */; };
		E66C2BE8250A338D00153CD7 /* RTCIceCandidate+Category.m in Sources */ = {isa = PBXBuildFile; fileRef = E66C2AEB250A338D00153CD7 /* RTCIceCandidate+Category.m */; };
		E66C2BE9250A338D00153CD7 /* RTCPeerConnection+Category.m in Sources */ = {isa = PBXBuildFile; fileRef = E66C2AED250A338D00153CD7 /* RTCPeerConnection+Category.m */; };
		E66C2BEA250A338D00153CD7 /* RTCSessionDescription+Category.m in Sources */ = {isa = PBXBuildFile; fileRef = E66C2AEF250A338D00153CD7 /* RTCSessionDescription+Category.m */; };
		E66C2BEB250A338D00153CD7 /* UIButton+Category.m in Sources */ = {isa = PBXBuildFile; fileRef = E66C2AF1250A338D00153CD7 /* UIButton+Category.m */; };
		E66C2BEC250A338D00153CD7 /* UIColor+Category.m in Sources */ = {isa = PBXBuildFile; fileRef = E66C2AF3250A338D00153CD7 /* UIColor+Category.m */; };
		E66C2BED250A338D00153CD7 /* UIFont+Category.m in Sources */ = {isa = PBXBuildFile; fileRef = E66C2AF5250A338D00153CD7 /* UIFont+Category.m */; };
		E66C2BEE250A338D00153CD7 /* UIImage+Category.m in Sources */ = {isa = PBXBuildFile; fileRef = E66C2AF7250A338D00153CD7 /* UIImage+Category.m */; };
		E66C2BEF250A338D00153CD7 /* UIImageView+Category.m in Sources */ = {isa = PBXBuildFile; fileRef = E66C2AF9250A338D00153CD7 /* UIImageView+Category.m */; };
		E66C2BF0250A338D00153CD7 /* UILabel+Category.m in Sources */ = {isa = PBXBuildFile; fileRef = E66C2AFB250A338D00153CD7 /* UILabel+Category.m */; };
		E66C2BF1250A338D00153CD7 /* UIView+Category.m in Sources */ = {isa = PBXBuildFile; fileRef = E66C2AFD250A338D00153CD7 /* UIView+Category.m */; };
		E66C2BF2250A338D00153CD7 /* UIViewController+Category.m in Sources */ = {isa = PBXBuildFile; fileRef = E66C2AFF250A338D00153CD7 /* UIViewController+Category.m */; };
		E66C2BF3250A338D00153CD7 /* KSExtern.m in Sources */ = {isa = PBXBuildFile; fileRef = E66C2B02250A338D00153CD7 /* KSExtern.m */; };
		E66C2BF4250A338D00153CD7 /* KSButton.m in Sources */ = {isa = PBXBuildFile; fileRef = E66C2B08250A338D00153CD7 /* KSButton.m */; };
		E66C2BF5250A338D00153CD7 /* KSComposeButton.m in Sources */ = {isa = PBXBuildFile; fileRef = E66C2B0A250A338D00153CD7 /* KSComposeButton.m */; };
		E66C2BF6250A338D00153CD7 /* KSIputView.m in Sources */ = {isa = PBXBuildFile; fileRef = E66C2B0C250A338D00153CD7 /* KSIputView.m */; };
		E66C2BF7250A338D00153CD7 /* KSLayoutButton.m in Sources */ = {isa = PBXBuildFile; fileRef = E66C2B0E250A338D00153CD7 /* KSLayoutButton.m */; };
		E66C2BF8250A338D00153CD7 /* KSWebSocket.m in Sources */ = {isa = PBXBuildFile; fileRef = E66C2B11250A338D00153CD7 /* KSWebSocket.m */; };
		E66C2BF9250A338D00153CD7 /* KSWebSocketConfigure.m in Sources */ = {isa = PBXBuildFile; fileRef = E66C2B13250A338D00153CD7 /* KSWebSocketConfigure.m */; };
		E66C2BFA250A338D00153CD7 /* KSRegex.m in Sources */ = {isa = PBXBuildFile; fileRef = E66C2B17250A338D00153CD7 /* KSRegex.m */; };
		E66C2BFB250A338D00153CD7 /* KSTimekeeper.m in Sources */ = {isa = PBXBuildFile; fileRef = E66C2B1A250A338D00153CD7 /* KSTimekeeper.m */; };
		E66C2BFD250A338D00153CD7 /* KSChatController.m in Sources */ = {isa = PBXBuildFile; fileRef = E66C2B20250A338D00153CD7 /* KSChatController.m */; };
		E66C2BFE250A338D00153CD7 /* KSAlertController.m in Sources */ = {isa = PBXBuildFile; fileRef = E66C2B24250A338D00153CD7 /* KSAlertController.m */; };
		E66C2BFF250A338D00153CD7 /* UINavigationController+FDFullscreenPopGesture.m in Sources */ = {isa = PBXBuildFile; fileRef = E66C2B27250A338D00153CD7 /* UINavigationController+FDFullscreenPopGesture.m */; };
		E66C2C00250A338D00153CD7 /* MJExtensionConst.m in Sources */ = {isa = PBXBuildFile; fileRef = E66C2B2B250A338D00153CD7 /* MJExtensionConst.m */; };
		E66C2C01250A338D00153CD7 /* MJFoundation.m in Sources */ = {isa = PBXBuildFile; fileRef = E66C2B2D250A338D00153CD7 /* MJFoundation.m */; };
		E66C2C02250A338D00153CD7 /* MJProperty.m in Sources */ = {isa = PBXBuildFile; fileRef = E66C2B2F250A338D00153CD7 /* MJProperty.m */; };
		E66C2C03250A338D00153CD7 /* MJPropertyKey.m in Sources */ = {isa = PBXBuildFile; fileRef = E66C2B31250A338D00153CD7 /* MJPropertyKey.m */; };
		E66C2C04250A338D00153CD7 /* MJPropertyType.m in Sources */ = {isa = PBXBuildFile; fileRef = E66C2B33250A338D00153CD7 /* MJPropertyType.m */; };
		E66C2C05250A338D00153CD7 /* NSObject+MJClass.m in Sources */ = {isa = PBXBuildFile; fileRef = E66C2B35250A338D00153CD7 /* NSObject+MJClass.m */; };
		E66C2C06250A338D00153CD7 /* NSObject+MJCoding.m in Sources */ = {isa = PBXBuildFile; fileRef = E66C2B37250A338D00153CD7 /* NSObject+MJCoding.m */; };
		E66C2C07250A338D00153CD7 /* NSObject+MJKeyValue.m in Sources */ = {isa = PBXBuildFile; fileRef = E66C2B39250A338D00153CD7 /* NSObject+MJKeyValue.m */; };
		E66C2C08250A338D00153CD7 /* NSObject+MJProperty.m in Sources */ = {isa = PBXBuildFile; fileRef = E66C2B3B250A338D00153CD7 /* NSObject+MJProperty.m */; };
		E66C2C09250A338D00153CD7 /* NSString+MJExtension.m in Sources */ = {isa = PBXBuildFile; fileRef = E66C2B3D250A338D00153CD7 /* NSString+MJExtension.m */; };
		E66C2C0A250A338D00153CD7 /* SRWebSocket.m in Sources */ = {isa = PBXBuildFile; fileRef = E66C2B41250A338D00153CD7 /* SRWebSocket.m */; };
		E66C2C0B250A338D00153CD7 /* SVIndefiniteAnimatedView.m in Sources */ = {isa = PBXBuildFile; fileRef = E66C2B44250A338D00153CD7 /* SVIndefiniteAnimatedView.m */; };
		E66C2C0C250A338D00153CD7 /* SVProgressAnimatedView.m in Sources */ = {isa = PBXBuildFile; fileRef = E66C2B46250A338D00153CD7 /* SVProgressAnimatedView.m */; };
		E66C2C0D250A338D00153CD7 /* SVProgressHUD.bundle in Resources */ = {isa = PBXBuildFile; fileRef = E66C2B48250A338D00153CD7 /* SVProgressHUD.bundle */; };
		E66C2C0E250A338D00153CD7 /* SVProgressHUD.m in Sources */ = {isa = PBXBuildFile; fileRef = E66C2B4A250A338D00153CD7 /* SVProgressHUD.m */; };
		E66C2C0F250A338D00153CD7 /* SVRadialGradientLayer.m in Sources */ = {isa = PBXBuildFile; fileRef = E66C2B4C250A338D00153CD7 /* SVRadialGradientLayer.m */; };
		E66C2C10250A338D00153CD7 /* KSChatInterfaceController.m in Sources */ = {isa = PBXBuildFile; fileRef = E66C2B51250A338D00153CD7 /* KSChatInterfaceController.m */; };
		E66C2C11250A338D00153CD7 /* KSCoolTile.m in Sources */ = {isa = PBXBuildFile; fileRef = E66C2B55250A338D00153CD7 /* KSCoolTile.m */; };
		E66C2C12250A338D00153CD7 /* KSNotification.m in Sources */ = {isa = PBXBuildFile; fileRef = E66C2B5B250A338D00153CD7 /* KSNotification.m */; };
		E66C2C13250A338D00153CD7 /* KSSignalingHandler.m in Sources */ = {isa = PBXBuildFile; fileRef = E66C2B5E250A338D00153CD7 /* KSSignalingHandler.m */; };
		E66C2C17250A338D00153CD7 /* KSMsg.m in Sources */ = {isa = PBXBuildFile; fileRef = E66C2B65250A338D00153CD7 /* KSMsg.m */; };
		E66C2C18250A338D00153CD7 /* KSUserInfo.m in Sources */ = {isa = PBXBuildFile; fileRef = E66C2B67250A338D00153CD7 /* KSUserInfo.m */; };
		E66C2C19250A338D00153CD7 /* mozart.mp3 in Resources */ = {isa = PBXBuildFile; fileRef = E66C2B6A250A338D00153CD7 /* mozart.mp3 */; };
		E66C2C1A250A338D00153CD7 /* KSMediaCapturer.m in Sources */ = {isa = PBXBuildFile; fileRef = E66C2B6D250A338D00153CD7 /* KSMediaCapturer.m */; };
		E66C2C1B250A338D00153CD7 /* KSMediaConnection.m in Sources */ = {isa = PBXBuildFile; fileRef = E66C2B6F250A338D00153CD7 /* KSMediaConnection.m */; };
		E66C2C1C250A338D00153CD7 /* KSMediaSetting.m in Sources */ = {isa = PBXBuildFile; fileRef = E66C2B71250A338D00153CD7 /* KSMediaSetting.m */; };
		E66C2C1D250A338D00153CD7 /* KSMediaTrack.m in Sources */ = {isa = PBXBuildFile; fileRef = E66C2B73250A338D00153CD7 /* KSMediaTrack.m */; };
		E66C2C1E250A338D00153CD7 /* KSAudioPlayer.m in Sources */ = {isa = PBXBuildFile; fileRef = E66C2B77250A338D00153CD7 /* KSAudioPlayer.m */; };
		E66C2C1F250A338D00153CD7 /* KSDeviceSwitch.m in Sources */ = {isa = PBXBuildFile; fileRef = E66C2B79250A338D00153CD7 /* KSDeviceSwitch.m */; };
		E66C2C20250A338D00153CD7 /* KSSession.m in Sources */ = {isa = PBXBuildFile; fileRef = E66C2B7B250A338D00153CD7 /* KSSession.m */; };
		E66C2C21250A338D00153CD7 /* KSWebRTCManager.m in Sources */ = {isa = PBXBuildFile; fileRef = E66C2B7D250A338D00153CD7 /* KSWebRTCManager.m */; };
		E66C2C22250A338D00153CD7 /* KSCollectionViewCell.m in Sources */ = {isa = PBXBuildFile; fileRef = E66C2B81250A338D00153CD7 /* KSCollectionViewCell.m */; };
		E66C2C23250A338D00153CD7 /* KSTableViewCell.m in Sources */ = {isa = PBXBuildFile; fileRef = E66C2B83250A338D00153CD7 /* KSTableViewCell.m */; };
		E66C2C24250A338D00153CD7 /* KSSuperController.m in Sources */ = {isa = PBXBuildFile; fileRef = E66C2B86250A338D00153CD7 /* KSSuperController.m */; };
		E66C2C25250A338D00153CD7 /* KSAbstract.m in Sources */ = {isa = PBXBuildFile; fileRef = E66C2B89250A338D00153CD7 /* KSAbstract.m */; };
		E66C2C26250A338D00153CD7 /* KSExecuteArgs.m in Sources */ = {isa = PBXBuildFile; fileRef = E66C2B8B250A338D00153CD7 /* KSExecuteArgs.m */; };
		E66C2C27250A338D00153CD7 /* KSEventCallbackView.m in Sources */ = {isa = PBXBuildFile; fileRef = E66C2B8E250A338D00153CD7 /* KSEventCallbackView.m */; };
		E66C2C28250A338D00153CD7 /* KSNavigationBar.m in Sources */ = {isa = PBXBuildFile; fileRef = E66C2B90250A338D00153CD7 /* KSNavigationBar.m */; };
		E66C2C29250A338D00153CD7 /* KSCallView.m in Sources */ = {isa = PBXBuildFile; fileRef = E66C2B94250A338D00153CD7 /* KSCallView.m */; };
		E66C2C2A250A338D00153CD7 /* KSMediaView.m in Sources */ = {isa = PBXBuildFile; fileRef = E66C2B96250A338D00153CD7 /* KSMediaView.m */; };
		E66C2C2B250A338D00153CD7 /* KSScreenMediaView.m in Sources */ = {isa = PBXBuildFile; fileRef = E66C2B98250A338D00153CD7 /* KSScreenMediaView.m */; };
		E66C2C2C250A338D00153CD7 /* KSTileLayout.m in Sources */ = {isa = PBXBuildFile; fileRef = E66C2B9A250A338D00153CD7 /* KSTileLayout.m */; };
		E66C2C2D250A338D00153CD7 /* KSTileMediaCell.m in Sources */ = {isa = PBXBuildFile; fileRef = E66C2B9C250A338D00153CD7 /* KSTileMediaCell.m */; };
		E66C2C2E250A338D00153CD7 /* KSTileMediaView.m in Sources */ = {isa = PBXBuildFile; fileRef = E66C2B9E250A338D00153CD7 /* KSTileMediaView.m */; };
		E66C2C2F250A338D00153CD7 /* KSVisualEffectView.m in Sources */ = {isa = PBXBuildFile; fileRef = E66C2BA0250A338D00153CD7 /* KSVisualEffectView.m */; };
		E66C2C30250A338D00153CD7 /* KSCallMenu.m in Sources */ = {isa = PBXBuildFile; fileRef = E66C2BA3250A338D00153CD7 /* KSCallMenu.m */; };
		E66C2C31250A338D00153CD7 /* KSCallMenuCell.m in Sources */ = {isa = PBXBuildFile; fileRef = E66C2BA5250A338D00153CD7 /* KSCallMenuCell.m */; };
		E66C2C32250A338D00153CD7 /* KSCallMenuController.m in Sources */ = {isa = PBXBuildFile; fileRef = E66C2BA7250A338D00153CD7 /* KSCallMenuController.m */; };
		E66C2C33250A338D00153CD7 /* KSCallMenuView.m in Sources */ = {isa = PBXBuildFile; fileRef = E66C2BA9250A338D00153CD7 /* KSCallMenuView.m */; };
		E66C2C34250A338D00153CD7 /* KSAnswerBarView.m in Sources */ = {isa = PBXBuildFile; fileRef = E66C2BAD250A338D00153CD7 /* KSAnswerBarView.m */; };
		E66C2C35250A338D00153CD7 /* KSCallBarCell.m in Sources */ = {isa = PBXBuildFile; fileRef = E66C2BB0250A338D00153CD7 /* KSCallBarCell.m */; };
		E66C2C36250A338D00153CD7 /* KSCallBarView.m in Sources */ = {isa = PBXBuildFile; fileRef = E66C2BB2250A338D00153CD7 /* KSCallBarView.m */; };
		E66C2C37250A338D00153CD7 /* KSFunctionalBarCell.m in Sources */ = {isa = PBXBuildFile; fileRef = E66C2BB4250A338D00153CD7 /* KSFunctionalBarCell.m */; };
		E66C2C38250A338D00153CD7 /* KSFunctionalBarView.m in Sources */ = {isa = PBXBuildFile; fileRef = E66C2BB6250A338D00153CD7 /* KSFunctionalBarView.m */; };
		E66C2C39250A338D00153CD7 /* KSBtnInfo.m in Sources */ = {isa = PBXBuildFile; fileRef = E66C2BB9250A338D00153CD7 /* KSBtnInfo.m */; };
		E66C2C3A250A338D00153CD7 /* KSMeetingBarCell.m in Sources */ = {isa = PBXBuildFile; fileRef = E66C2BBD250A338D00153CD7 /* KSMeetingBarCell.m */; };
		E66C2C3B250A338D00153CD7 /* KSMeetingBarView.m in Sources */ = {isa = PBXBuildFile; fileRef = E66C2BBF250A338D00153CD7 /* KSMeetingBarView.m */; };
		E66C2C3C250A338D00153CD7 /* KSMeetingThemeView.m in Sources */ = {isa = PBXBuildFile; fileRef = E66C2BC1250A338D00153CD7 /* KSMeetingThemeView.m */; };
		E66C2C3D250A338D00153CD7 /* KSProfileBarView.m in Sources */ = {isa = PBXBuildFile; fileRef = E66C2BC4250A338D00153CD7 /* KSProfileBarView.m */; };
		E66C2C3E250A338D00153CD7 /* KSProfileView.m in Sources */ = {isa = PBXBuildFile; fileRef = E66C2BC6250A338D00153CD7 /* KSProfileView.m */; };
		E66C2C3F250A338D00153CD7 /* KSRoundImageView.m in Sources */ = {isa = PBXBuildFile; fileRef = E66C2BC8250A338D00153CD7 /* KSRoundImageView.m */; };
		E66C2C40250A338D00153CD7 /* KSProfileInfo.m in Sources */ = {isa = PBXBuildFile; fileRef = E66C2BCB250A338D00153CD7 /* KSProfileInfo.m */; };
		E66C2C41250A338D00153CD7 /* KSCoolHUB.m in Sources */ = {isa = PBXBuildFile; fileRef = E66C2BCE250A338D00153CD7 /* KSCoolHUB.m */; };
		E66C2C42250A338D00153CD7 /* KSCoolTipsView.m in Sources */ = {isa = PBXBuildFile; fileRef = E66C2BD0250A338D00153CD7 /* KSCoolTipsView.m */; };
		E66C2C43250A338D00153CD7 /* KSTopBarView.m in Sources */ = {isa = PBXBuildFile; fileRef = E66C2BD3250A338D00153CD7 /* KSTopBarView.m */; };
		E66C2C44250A338D00153CD7 /* KSWaitingAnswersMemberCell.m in Sources */ = {isa = PBXBuildFile; fileRef = E66C2BD7250A338D00153CD7 /* KSWaitingAnswersMemberCell.m */; };
		E66C2C45250A338D00153CD7 /* KSCellAlignmentFlowLayout.m in Sources */ = {isa = PBXBuildFile; fileRef = E66C2BDA250A338D00153CD7 /* KSCellAlignmentFlowLayout.m */; };
		E66C2C46250A338D00153CD7 /* KSWaitingAnswersGroupView.m in Sources */ = {isa = PBXBuildFile; fileRef = E66C2BDC250A338D00153CD7 /* KSWaitingAnswersGroupView.m */; };
		E66C2C47250A338D00153CD7 /* KSWaitingAnswersView.m in Sources */ = {isa = PBXBuildFile; fileRef = E66C2BDE250A338D00153CD7 /* KSWaitingAnswersView.m */; };
		E66C2C50250A375700153CD7 /* WebRTC.framework in Frameworks */ = {isa = PBXBuildFile; fileRef = E66C2B1C250A338D00153CD7 /* WebRTC.framework */; };
		E66C2C51250A375700153CD7 /* WebRTC.framework in Embed Frameworks */ = {isa = PBXBuildFile; fileRef = E66C2B1C250A338D00153CD7 /* WebRTC.framework */; settings = {ATTRIBUTES = (CodeSignOnCopy, RemoveHeadersOnCopy, ); }; };
		E6B87733251F1FBD0045062D /* KSMessageHandler.m in Sources */ = {isa = PBXBuildFile; fileRef = E6B87732251F1FBD0045062D /* KSMessageHandler.m */; };
		E6B8774D251F30E80045062D /* KSLogicMsg.m in Sources */ = {isa = PBXBuildFile; fileRef = E6B8774C251F30E80045062D /* KSLogicMsg.m */; };
		E6E1E6B324E9444300536FBB /* Localizable.strings in Resources */ = {isa = PBXBuildFile; fileRef = E6E1E6B524E9444300536FBB /* Localizable.strings */; };
/* End PBXBuildFile section */

/* Begin PBXCopyFilesBuildPhase section */
		E632FFD124E940B70049ED8A /* Embed Frameworks */ = {
			isa = PBXCopyFilesBuildPhase;
			buildActionMask = 2147483647;
			dstPath = "";
			dstSubfolderSpec = 10;
			files = (
				E66C2C51250A375700153CD7 /* WebRTC.framework in Embed Frameworks */,
			);
			name = "Embed Frameworks";
			runOnlyForDeploymentPostprocessing = 0;
		};
/* End PBXCopyFilesBuildPhase section */

/* Begin PBXFileReference section */
		E632FECC24E9401E0049ED8A /* zh-Hant */ = {isa = PBXFileReference; lastKnownFileType = text.plist.strings; name = "zh-Hant"; path = "zh-Hant.lproj/Main.strings"; sourceTree = "<group>"; };
		E632FECD24E9401E0049ED8A /* zh-Hant */ = {isa = PBXFileReference; lastKnownFileType = text.plist.strings; name = "zh-Hant"; path = "zh-Hant.lproj/LaunchScreen.strings"; sourceTree = "<group>"; };
		E6400F3024B8507F004C7060 /* KSWebRTC.app */ = {isa = PBXFileReference; explicitFileType = wrapper.application; includeInIndex = 0; path = KSWebRTC.app; sourceTree = BUILT_PRODUCTS_DIR; };
		E6400F3324B8507F004C7060 /* AppDelegate.h */ = {isa = PBXFileReference; lastKnownFileType = sourcecode.c.h; path = AppDelegate.h; sourceTree = "<group>"; };
		E6400F3424B8507F004C7060 /* AppDelegate.m */ = {isa = PBXFileReference; lastKnownFileType = sourcecode.c.objc; path = AppDelegate.m; sourceTree = "<group>"; };
		E6400F3624B8507F004C7060 /* ViewController.h */ = {isa = PBXFileReference; lastKnownFileType = sourcecode.c.h; path = ViewController.h; sourceTree = "<group>"; };
		E6400F3724B8507F004C7060 /* ViewController.m */ = {isa = PBXFileReference; lastKnownFileType = sourcecode.c.objc; path = ViewController.m; sourceTree = "<group>"; };
		E6400F3A24B8507F004C7060 /* Base */ = {isa = PBXFileReference; lastKnownFileType = file.storyboard; name = Base; path = Base.lproj/Main.storyboard; sourceTree = "<group>"; };
		E6400F3C24B85080004C7060 /* Assets.xcassets */ = {isa = PBXFileReference; lastKnownFileType = folder.assetcatalog; path = Assets.xcassets; sourceTree = "<group>"; };
		E6400F3F24B85080004C7060 /* Base */ = {isa = PBXFileReference; lastKnownFileType = file.storyboard; name = Base; path = Base.lproj/LaunchScreen.storyboard; sourceTree = "<group>"; };
		E6400F4124B85080004C7060 /* Info.plist */ = {isa = PBXFileReference; lastKnownFileType = text.plist.xml; path = Info.plist; sourceTree = "<group>"; };
		E6400F4224B85080004C7060 /* main.m */ = {isa = PBXFileReference; lastKnownFileType = sourcecode.c.objc; path = main.m; sourceTree = "<group>"; };
		E66C2AE2250A338D00153CD7 /* KSSuperController+Category.h */ = {isa = PBXFileReference; fileEncoding = 4; lastKnownFileType = sourcecode.c.h; path = "KSSuperController+Category.h"; sourceTree = "<group>"; };
		E66C2AE3250A338D00153CD7 /* KSSuperController+Category.m */ = {isa = PBXFileReference; fileEncoding = 4; lastKnownFileType = sourcecode.c.objc; path = "KSSuperController+Category.m"; sourceTree = "<group>"; };
		E66C2AE4250A338D00153CD7 /* NSDictionary+Category.h */ = {isa = PBXFileReference; fileEncoding = 4; lastKnownFileType = sourcecode.c.h; path = "NSDictionary+Category.h"; sourceTree = "<group>"; };
		E66C2AE5250A338D00153CD7 /* NSDictionary+Category.m */ = {isa = PBXFileReference; fileEncoding = 4; lastKnownFileType = sourcecode.c.objc; path = "NSDictionary+Category.m"; sourceTree = "<group>"; };
		E66C2AE6250A338D00153CD7 /* NSObject+Category.h */ = {isa = PBXFileReference; fileEncoding = 4; lastKnownFileType = sourcecode.c.h; path = "NSObject+Category.h"; sourceTree = "<group>"; };
		E66C2AE7250A338D00153CD7 /* NSObject+Category.m */ = {isa = PBXFileReference; fileEncoding = 4; lastKnownFileType = sourcecode.c.objc; path = "NSObject+Category.m"; sourceTree = "<group>"; };
		E66C2AE8250A338D00153CD7 /* NSString+Category.h */ = {isa = PBXFileReference; fileEncoding = 4; lastKnownFileType = sourcecode.c.h; path = "NSString+Category.h"; sourceTree = "<group>"; };
		E66C2AE9250A338D00153CD7 /* NSString+Category.m */ = {isa = PBXFileReference; fileEncoding = 4; lastKnownFileType = sourcecode.c.objc; path = "NSString+Category.m"; sourceTree = "<group>"; };
		E66C2AEA250A338D00153CD7 /* RTCIceCandidate+Category.h */ = {isa = PBXFileReference; fileEncoding = 4; lastKnownFileType = sourcecode.c.h; path = "RTCIceCandidate+Category.h"; sourceTree = "<group>"; };
		E66C2AEB250A338D00153CD7 /* RTCIceCandidate+Category.m */ = {isa = PBXFileReference; fileEncoding = 4; lastKnownFileType = sourcecode.c.objc; path = "RTCIceCandidate+Category.m"; sourceTree = "<group>"; };
		E66C2AEC250A338D00153CD7 /* RTCPeerConnection+Category.h */ = {isa = PBXFileReference; fileEncoding = 4; lastKnownFileType = sourcecode.c.h; path = "RTCPeerConnection+Category.h"; sourceTree = "<group>"; };
		E66C2AED250A338D00153CD7 /* RTCPeerConnection+Category.m */ = {isa = PBXFileReference; fileEncoding = 4; lastKnownFileType = sourcecode.c.objc; path = "RTCPeerConnection+Category.m"; sourceTree = "<group>"; };
		E66C2AEE250A338D00153CD7 /* RTCSessionDescription+Category.h */ = {isa = PBXFileReference; fileEncoding = 4; lastKnownFileType = sourcecode.c.h; path = "RTCSessionDescription+Category.h"; sourceTree = "<group>"; };
		E66C2AEF250A338D00153CD7 /* RTCSessionDescription+Category.m */ = {isa = PBXFileReference; fileEncoding = 4; lastKnownFileType = sourcecode.c.objc; path = "RTCSessionDescription+Category.m"; sourceTree = "<group>"; };
		E66C2AF0250A338D00153CD7 /* UIButton+Category.h */ = {isa = PBXFileReference; fileEncoding = 4; lastKnownFileType = sourcecode.c.h; path = "UIButton+Category.h"; sourceTree = "<group>"; };
		E66C2AF1250A338D00153CD7 /* UIButton+Category.m */ = {isa = PBXFileReference; fileEncoding = 4; lastKnownFileType = sourcecode.c.objc; path = "UIButton+Category.m"; sourceTree = "<group>"; };
		E66C2AF2250A338D00153CD7 /* UIColor+Category.h */ = {isa = PBXFileReference; fileEncoding = 4; lastKnownFileType = sourcecode.c.h; path = "UIColor+Category.h"; sourceTree = "<group>"; };
		E66C2AF3250A338D00153CD7 /* UIColor+Category.m */ = {isa = PBXFileReference; fileEncoding = 4; lastKnownFileType = sourcecode.c.objc; path = "UIColor+Category.m"; sourceTree = "<group>"; };
		E66C2AF4250A338D00153CD7 /* UIFont+Category.h */ = {isa = PBXFileReference; fileEncoding = 4; lastKnownFileType = sourcecode.c.h; path = "UIFont+Category.h"; sourceTree = "<group>"; };
		E66C2AF5250A338D00153CD7 /* UIFont+Category.m */ = {isa = PBXFileReference; fileEncoding = 4; lastKnownFileType = sourcecode.c.objc; path = "UIFont+Category.m"; sourceTree = "<group>"; };
		E66C2AF6250A338D00153CD7 /* UIImage+Category.h */ = {isa = PBXFileReference; fileEncoding = 4; lastKnownFileType = sourcecode.c.h; path = "UIImage+Category.h"; sourceTree = "<group>"; };
		E66C2AF7250A338D00153CD7 /* UIImage+Category.m */ = {isa = PBXFileReference; fileEncoding = 4; lastKnownFileType = sourcecode.c.objc; path = "UIImage+Category.m"; sourceTree = "<group>"; };
		E66C2AF8250A338D00153CD7 /* UIImageView+Category.h */ = {isa = PBXFileReference; fileEncoding = 4; lastKnownFileType = sourcecode.c.h; path = "UIImageView+Category.h"; sourceTree = "<group>"; };
		E66C2AF9250A338D00153CD7 /* UIImageView+Category.m */ = {isa = PBXFileReference; fileEncoding = 4; lastKnownFileType = sourcecode.c.objc; path = "UIImageView+Category.m"; sourceTree = "<group>"; };
		E66C2AFA250A338D00153CD7 /* UILabel+Category.h */ = {isa = PBXFileReference; fileEncoding = 4; lastKnownFileType = sourcecode.c.h; path = "UILabel+Category.h"; sourceTree = "<group>"; };
		E66C2AFB250A338D00153CD7 /* UILabel+Category.m */ = {isa = PBXFileReference; fileEncoding = 4; lastKnownFileType = sourcecode.c.objc; path = "UILabel+Category.m"; sourceTree = "<group>"; };
		E66C2AFC250A338D00153CD7 /* UIView+Category.h */ = {isa = PBXFileReference; fileEncoding = 4; lastKnownFileType = sourcecode.c.h; path = "UIView+Category.h"; sourceTree = "<group>"; };
		E66C2AFD250A338D00153CD7 /* UIView+Category.m */ = {isa = PBXFileReference; fileEncoding = 4; lastKnownFileType = sourcecode.c.objc; path = "UIView+Category.m"; sourceTree = "<group>"; };
		E66C2AFE250A338D00153CD7 /* UIViewController+Category.h */ = {isa = PBXFileReference; fileEncoding = 4; lastKnownFileType = sourcecode.c.h; path = "UIViewController+Category.h"; sourceTree = "<group>"; };
		E66C2AFF250A338D00153CD7 /* UIViewController+Category.m */ = {isa = PBXFileReference; fileEncoding = 4; lastKnownFileType = sourcecode.c.objc; path = "UIViewController+Category.m"; sourceTree = "<group>"; };
		E66C2B01250A338D00153CD7 /* KSExtern.h */ = {isa = PBXFileReference; fileEncoding = 4; lastKnownFileType = sourcecode.c.h; path = KSExtern.h; sourceTree = "<group>"; };
		E66C2B02250A338D00153CD7 /* KSExtern.m */ = {isa = PBXFileReference; fileEncoding = 4; lastKnownFileType = sourcecode.c.objc; path = KSExtern.m; sourceTree = "<group>"; };
		E66C2B03250A338D00153CD7 /* KSImport.h */ = {isa = PBXFileReference; fileEncoding = 4; lastKnownFileType = sourcecode.c.h; path = KSImport.h; sourceTree = "<group>"; };
		E66C2B04250A338D00153CD7 /* KSMacro.h */ = {isa = PBXFileReference; fileEncoding = 4; lastKnownFileType = sourcecode.c.h; path = KSMacro.h; sourceTree = "<group>"; };
		E66C2B05250A338D00153CD7 /* KSPrefixHeader.pch */ = {isa = PBXFileReference; fileEncoding = 4; lastKnownFileType = sourcecode.c.h; path = KSPrefixHeader.pch; sourceTree = "<group>"; };
		E66C2B07250A338D00153CD7 /* KSButton.h */ = {isa = PBXFileReference; fileEncoding = 4; lastKnownFileType = sourcecode.c.h; path = KSButton.h; sourceTree = "<group>"; };
		E66C2B08250A338D00153CD7 /* KSButton.m */ = {isa = PBXFileReference; fileEncoding = 4; lastKnownFileType = sourcecode.c.objc; path = KSButton.m; sourceTree = "<group>"; };
		E66C2B09250A338D00153CD7 /* KSComposeButton.h */ = {isa = PBXFileReference; fileEncoding = 4; lastKnownFileType = sourcecode.c.h; path = KSComposeButton.h; sourceTree = "<group>"; };
		E66C2B0A250A338D00153CD7 /* KSComposeButton.m */ = {isa = PBXFileReference; fileEncoding = 4; lastKnownFileType = sourcecode.c.objc; path = KSComposeButton.m; sourceTree = "<group>"; };
		E66C2B0B250A338D00153CD7 /* KSIputView.h */ = {isa = PBXFileReference; fileEncoding = 4; lastKnownFileType = sourcecode.c.h; path = KSIputView.h; sourceTree = "<group>"; };
		E66C2B0C250A338D00153CD7 /* KSIputView.m */ = {isa = PBXFileReference; fileEncoding = 4; lastKnownFileType = sourcecode.c.objc; path = KSIputView.m; sourceTree = "<group>"; };
		E66C2B0D250A338D00153CD7 /* KSLayoutButton.h */ = {isa = PBXFileReference; fileEncoding = 4; lastKnownFileType = sourcecode.c.h; path = KSLayoutButton.h; sourceTree = "<group>"; };
		E66C2B0E250A338D00153CD7 /* KSLayoutButton.m */ = {isa = PBXFileReference; fileEncoding = 4; lastKnownFileType = sourcecode.c.objc; path = KSLayoutButton.m; sourceTree = "<group>"; };
		E66C2B10250A338D00153CD7 /* KSWebSocket.h */ = {isa = PBXFileReference; fileEncoding = 4; lastKnownFileType = sourcecode.c.h; path = KSWebSocket.h; sourceTree = "<group>"; };
		E66C2B11250A338D00153CD7 /* KSWebSocket.m */ = {isa = PBXFileReference; fileEncoding = 4; lastKnownFileType = sourcecode.c.objc; path = KSWebSocket.m; sourceTree = "<group>"; };
		E66C2B12250A338D00153CD7 /* KSWebSocketConfigure.h */ = {isa = PBXFileReference; fileEncoding = 4; lastKnownFileType = sourcecode.c.h; path = KSWebSocketConfigure.h; sourceTree = "<group>"; };
		E66C2B13250A338D00153CD7 /* KSWebSocketConfigure.m */ = {isa = PBXFileReference; fileEncoding = 4; lastKnownFileType = sourcecode.c.objc; path = KSWebSocketConfigure.m; sourceTree = "<group>"; };
		E66C2B16250A338D00153CD7 /* KSRegex.h */ = {isa = PBXFileReference; fileEncoding = 4; lastKnownFileType = sourcecode.c.h; path = KSRegex.h; sourceTree = "<group>"; };
		E66C2B17250A338D00153CD7 /* KSRegex.m */ = {isa = PBXFileReference; fileEncoding = 4; lastKnownFileType = sourcecode.c.objc; path = KSRegex.m; sourceTree = "<group>"; };
		E66C2B19250A338D00153CD7 /* KSTimekeeper.h */ = {isa = PBXFileReference; fileEncoding = 4; lastKnownFileType = sourcecode.c.h; path = KSTimekeeper.h; sourceTree = "<group>"; };
		E66C2B1A250A338D00153CD7 /* KSTimekeeper.m */ = {isa = PBXFileReference; fileEncoding = 4; lastKnownFileType = sourcecode.c.objc; path = KSTimekeeper.m; sourceTree = "<group>"; };
		E66C2B1C250A338D00153CD7 /* WebRTC.framework */ = {isa = PBXFileReference; lastKnownFileType = wrapper.framework; path = WebRTC.framework; sourceTree = "<group>"; };
		E66C2B1F250A338D00153CD7 /* KSChatController.h */ = {isa = PBXFileReference; fileEncoding = 4; lastKnownFileType = sourcecode.c.h; path = KSChatController.h; sourceTree = "<group>"; };
		E66C2B20250A338D00153CD7 /* KSChatController.m */ = {isa = PBXFileReference; fileEncoding = 4; lastKnownFileType = sourcecode.c.objc; path = KSChatController.m; sourceTree = "<group>"; };
		E66C2B23250A338D00153CD7 /* KSAlertController.h */ = {isa = PBXFileReference; fileEncoding = 4; lastKnownFileType = sourcecode.c.h; path = KSAlertController.h; sourceTree = "<group>"; };
		E66C2B24250A338D00153CD7 /* KSAlertController.m */ = {isa = PBXFileReference; fileEncoding = 4; lastKnownFileType = sourcecode.c.objc; path = KSAlertController.m; sourceTree = "<group>"; };
		E66C2B26250A338D00153CD7 /* UINavigationController+FDFullscreenPopGesture.h */ = {isa = PBXFileReference; fileEncoding = 4; lastKnownFileType = sourcecode.c.h; path = "UINavigationController+FDFullscreenPopGesture.h"; sourceTree = "<group>"; };
		E66C2B27250A338D00153CD7 /* UINavigationController+FDFullscreenPopGesture.m */ = {isa = PBXFileReference; fileEncoding = 4; lastKnownFileType = sourcecode.c.objc; path = "UINavigationController+FDFullscreenPopGesture.m"; sourceTree = "<group>"; };
		E66C2B29250A338D00153CD7 /* MJExtension.h */ = {isa = PBXFileReference; fileEncoding = 4; lastKnownFileType = sourcecode.c.h; path = MJExtension.h; sourceTree = "<group>"; };
		E66C2B2A250A338D00153CD7 /* MJExtensionConst.h */ = {isa = PBXFileReference; fileEncoding = 4; lastKnownFileType = sourcecode.c.h; path = MJExtensionConst.h; sourceTree = "<group>"; };
		E66C2B2B250A338D00153CD7 /* MJExtensionConst.m */ = {isa = PBXFileReference; fileEncoding = 4; lastKnownFileType = sourcecode.c.objc; path = MJExtensionConst.m; sourceTree = "<group>"; };
		E66C2B2C250A338D00153CD7 /* MJFoundation.h */ = {isa = PBXFileReference; fileEncoding = 4; lastKnownFileType = sourcecode.c.h; path = MJFoundation.h; sourceTree = "<group>"; };
		E66C2B2D250A338D00153CD7 /* MJFoundation.m */ = {isa = PBXFileReference; fileEncoding = 4; lastKnownFileType = sourcecode.c.objc; path = MJFoundation.m; sourceTree = "<group>"; };
		E66C2B2E250A338D00153CD7 /* MJProperty.h */ = {isa = PBXFileReference; fileEncoding = 4; lastKnownFileType = sourcecode.c.h; path = MJProperty.h; sourceTree = "<group>"; };
		E66C2B2F250A338D00153CD7 /* MJProperty.m */ = {isa = PBXFileReference; fileEncoding = 4; lastKnownFileType = sourcecode.c.objc; path = MJProperty.m; sourceTree = "<group>"; };
		E66C2B30250A338D00153CD7 /* MJPropertyKey.h */ = {isa = PBXFileReference; fileEncoding = 4; lastKnownFileType = sourcecode.c.h; path = MJPropertyKey.h; sourceTree = "<group>"; };
		E66C2B31250A338D00153CD7 /* MJPropertyKey.m */ = {isa = PBXFileReference; fileEncoding = 4; lastKnownFileType = sourcecode.c.objc; path = MJPropertyKey.m; sourceTree = "<group>"; };
		E66C2B32250A338D00153CD7 /* MJPropertyType.h */ = {isa = PBXFileReference; fileEncoding = 4; lastKnownFileType = sourcecode.c.h; path = MJPropertyType.h; sourceTree = "<group>"; };
		E66C2B33250A338D00153CD7 /* MJPropertyType.m */ = {isa = PBXFileReference; fileEncoding = 4; lastKnownFileType = sourcecode.c.objc; path = MJPropertyType.m; sourceTree = "<group>"; };
		E66C2B34250A338D00153CD7 /* NSObject+MJClass.h */ = {isa = PBXFileReference; fileEncoding = 4; lastKnownFileType = sourcecode.c.h; path = "NSObject+MJClass.h"; sourceTree = "<group>"; };
		E66C2B35250A338D00153CD7 /* NSObject+MJClass.m */ = {isa = PBXFileReference; fileEncoding = 4; lastKnownFileType = sourcecode.c.objc; path = "NSObject+MJClass.m"; sourceTree = "<group>"; };
		E66C2B36250A338D00153CD7 /* NSObject+MJCoding.h */ = {isa = PBXFileReference; fileEncoding = 4; lastKnownFileType = sourcecode.c.h; path = "NSObject+MJCoding.h"; sourceTree = "<group>"; };
		E66C2B37250A338D00153CD7 /* NSObject+MJCoding.m */ = {isa = PBXFileReference; fileEncoding = 4; lastKnownFileType = sourcecode.c.objc; path = "NSObject+MJCoding.m"; sourceTree = "<group>"; };
		E66C2B38250A338D00153CD7 /* NSObject+MJKeyValue.h */ = {isa = PBXFileReference; fileEncoding = 4; lastKnownFileType = sourcecode.c.h; path = "NSObject+MJKeyValue.h"; sourceTree = "<group>"; };
		E66C2B39250A338D00153CD7 /* NSObject+MJKeyValue.m */ = {isa = PBXFileReference; fileEncoding = 4; lastKnownFileType = sourcecode.c.objc; path = "NSObject+MJKeyValue.m"; sourceTree = "<group>"; };
		E66C2B3A250A338D00153CD7 /* NSObject+MJProperty.h */ = {isa = PBXFileReference; fileEncoding = 4; lastKnownFileType = sourcecode.c.h; path = "NSObject+MJProperty.h"; sourceTree = "<group>"; };
		E66C2B3B250A338D00153CD7 /* NSObject+MJProperty.m */ = {isa = PBXFileReference; fileEncoding = 4; lastKnownFileType = sourcecode.c.objc; path = "NSObject+MJProperty.m"; sourceTree = "<group>"; };
		E66C2B3C250A338D00153CD7 /* NSString+MJExtension.h */ = {isa = PBXFileReference; fileEncoding = 4; lastKnownFileType = sourcecode.c.h; path = "NSString+MJExtension.h"; sourceTree = "<group>"; };
		E66C2B3D250A338D00153CD7 /* NSString+MJExtension.m */ = {isa = PBXFileReference; fileEncoding = 4; lastKnownFileType = sourcecode.c.objc; path = "NSString+MJExtension.m"; sourceTree = "<group>"; };
		E66C2B3F250A338D00153CD7 /* SocketRocket.h */ = {isa = PBXFileReference; fileEncoding = 4; lastKnownFileType = sourcecode.c.h; path = SocketRocket.h; sourceTree = "<group>"; };
		E66C2B40250A338D00153CD7 /* SRWebSocket.h */ = {isa = PBXFileReference; fileEncoding = 4; lastKnownFileType = sourcecode.c.h; path = SRWebSocket.h; sourceTree = "<group>"; };
		E66C2B41250A338D00153CD7 /* SRWebSocket.m */ = {isa = PBXFileReference; fileEncoding = 4; lastKnownFileType = sourcecode.c.objc; path = SRWebSocket.m; sourceTree = "<group>"; };
		E66C2B43250A338D00153CD7 /* SVIndefiniteAnimatedView.h */ = {isa = PBXFileReference; fileEncoding = 4; lastKnownFileType = sourcecode.c.h; path = SVIndefiniteAnimatedView.h; sourceTree = "<group>"; };
		E66C2B44250A338D00153CD7 /* SVIndefiniteAnimatedView.m */ = {isa = PBXFileReference; fileEncoding = 4; lastKnownFileType = sourcecode.c.objc; path = SVIndefiniteAnimatedView.m; sourceTree = "<group>"; };
		E66C2B45250A338D00153CD7 /* SVProgressAnimatedView.h */ = {isa = PBXFileReference; fileEncoding = 4; lastKnownFileType = sourcecode.c.h; path = SVProgressAnimatedView.h; sourceTree = "<group>"; };
		E66C2B46250A338D00153CD7 /* SVProgressAnimatedView.m */ = {isa = PBXFileReference; fileEncoding = 4; lastKnownFileType = sourcecode.c.objc; path = SVProgressAnimatedView.m; sourceTree = "<group>"; };
		E66C2B47250A338D00153CD7 /* SVProgressHUD-Prefix.pch */ = {isa = PBXFileReference; fileEncoding = 4; lastKnownFileType = sourcecode.c.h; path = "SVProgressHUD-Prefix.pch"; sourceTree = "<group>"; };
		E66C2B48250A338D00153CD7 /* SVProgressHUD.bundle */ = {isa = PBXFileReference; lastKnownFileType = "wrapper.plug-in"; path = SVProgressHUD.bundle; sourceTree = "<group>"; };
		E66C2B49250A338D00153CD7 /* SVProgressHUD.h */ = {isa = PBXFileReference; fileEncoding = 4; lastKnownFileType = sourcecode.c.h; path = SVProgressHUD.h; sourceTree = "<group>"; };
		E66C2B4A250A338D00153CD7 /* SVProgressHUD.m */ = {isa = PBXFileReference; fileEncoding = 4; lastKnownFileType = sourcecode.c.objc; path = SVProgressHUD.m; sourceTree = "<group>"; };
		E66C2B4B250A338D00153CD7 /* SVRadialGradientLayer.h */ = {isa = PBXFileReference; fileEncoding = 4; lastKnownFileType = sourcecode.c.h; path = SVRadialGradientLayer.h; sourceTree = "<group>"; };
		E66C2B4C250A338D00153CD7 /* SVRadialGradientLayer.m */ = {isa = PBXFileReference; fileEncoding = 4; lastKnownFileType = sourcecode.c.objc; path = SVRadialGradientLayer.m; sourceTree = "<group>"; };
		E66C2B50250A338D00153CD7 /* KSChatInterfaceController.h */ = {isa = PBXFileReference; fileEncoding = 4; lastKnownFileType = sourcecode.c.h; path = KSChatInterfaceController.h; sourceTree = "<group>"; };
		E66C2B51250A338D00153CD7 /* KSChatInterfaceController.m */ = {isa = PBXFileReference; fileEncoding = 4; lastKnownFileType = sourcecode.c.objc; path = KSChatInterfaceController.m; sourceTree = "<group>"; };
		E66C2B54250A338D00153CD7 /* KSCoolTile.h */ = {isa = PBXFileReference; fileEncoding = 4; lastKnownFileType = sourcecode.c.h; path = KSCoolTile.h; sourceTree = "<group>"; };
		E66C2B55250A338D00153CD7 /* KSCoolTile.m */ = {isa = PBXFileReference; fileEncoding = 4; lastKnownFileType = sourcecode.c.objc; path = KSCoolTile.m; sourceTree = "<group>"; };
		E66C2B57250A338D00153CD7 /* KSBlock.h */ = {isa = PBXFileReference; fileEncoding = 4; lastKnownFileType = sourcecode.c.h; path = KSBlock.h; sourceTree = "<group>"; };
		E66C2B58250A338D00153CD7 /* KSCallState.h */ = {isa = PBXFileReference; fileEncoding = 4; lastKnownFileType = sourcecode.c.h; path = KSCallState.h; sourceTree = "<group>"; };
		E66C2B59250A338D00153CD7 /* KSConfigure.h */ = {isa = PBXFileReference; fileEncoding = 4; lastKnownFileType = sourcecode.c.h; path = KSConfigure.h; sourceTree = "<group>"; };
		E66C2B5A250A338D00153CD7 /* KSNotification.h */ = {isa = PBXFileReference; fileEncoding = 4; lastKnownFileType = sourcecode.c.h; path = KSNotification.h; sourceTree = "<group>"; };
		E66C2B5B250A338D00153CD7 /* KSNotification.m */ = {isa = PBXFileReference; fileEncoding = 4; lastKnownFileType = sourcecode.c.objc; path = KSNotification.m; sourceTree = "<group>"; };
		E66C2B5D250A338D00153CD7 /* KSSignalingHandler.h */ = {isa = PBXFileReference; fileEncoding = 4; lastKnownFileType = sourcecode.c.h; path = KSSignalingHandler.h; sourceTree = "<group>"; };
		E66C2B5E250A338D00153CD7 /* KSSignalingHandler.m */ = {isa = PBXFileReference; fileEncoding = 4; lastKnownFileType = sourcecode.c.objc; path = KSSignalingHandler.m; sourceTree = "<group>"; };
		E66C2B64250A338D00153CD7 /* KSMsg.h */ = {isa = PBXFileReference; fileEncoding = 4; lastKnownFileType = sourcecode.c.h; path = KSMsg.h; sourceTree = "<group>"; };
		E66C2B65250A338D00153CD7 /* KSMsg.m */ = {isa = PBXFileReference; fileEncoding = 4; lastKnownFileType = sourcecode.c.objc; path = KSMsg.m; sourceTree = "<group>"; };
		E66C2B66250A338D00153CD7 /* KSUserInfo.h */ = {isa = PBXFileReference; fileEncoding = 4; lastKnownFileType = sourcecode.c.h; path = KSUserInfo.h; sourceTree = "<group>"; };
		E66C2B67250A338D00153CD7 /* KSUserInfo.m */ = {isa = PBXFileReference; fileEncoding = 4; lastKnownFileType = sourcecode.c.objc; path = KSUserInfo.m; sourceTree = "<group>"; };
		E66C2B6A250A338D00153CD7 /* mozart.mp3 */ = {isa = PBXFileReference; lastKnownFileType = audio.mp3; path = mozart.mp3; sourceTree = "<group>"; };
		E66C2B6C250A338D00153CD7 /* KSMediaCapturer.h */ = {isa = PBXFileReference; fileEncoding = 4; lastKnownFileType = sourcecode.c.h; path = KSMediaCapturer.h; sourceTree = "<group>"; };
		E66C2B6D250A338D00153CD7 /* KSMediaCapturer.m */ = {isa = PBXFileReference; fileEncoding = 4; lastKnownFileType = sourcecode.c.objc; path = KSMediaCapturer.m; sourceTree = "<group>"; };
		E66C2B6E250A338D00153CD7 /* KSMediaConnection.h */ = {isa = PBXFileReference; fileEncoding = 4; lastKnownFileType = sourcecode.c.h; path = KSMediaConnection.h; sourceTree = "<group>"; };
		E66C2B6F250A338D00153CD7 /* KSMediaConnection.m */ = {isa = PBXFileReference; fileEncoding = 4; lastKnownFileType = sourcecode.c.objc; path = KSMediaConnection.m; sourceTree = "<group>"; };
		E66C2B70250A338D00153CD7 /* KSMediaSetting.h */ = {isa = PBXFileReference; fileEncoding = 4; lastKnownFileType = sourcecode.c.h; path = KSMediaSetting.h; sourceTree = "<group>"; };
		E66C2B71250A338D00153CD7 /* KSMediaSetting.m */ = {isa = PBXFileReference; fileEncoding = 4; lastKnownFileType = sourcecode.c.objc; path = KSMediaSetting.m; sourceTree = "<group>"; };
		E66C2B72250A338D00153CD7 /* KSMediaTrack.h */ = {isa = PBXFileReference; fileEncoding = 4; lastKnownFileType = sourcecode.c.h; path = KSMediaTrack.h; sourceTree = "<group>"; };
		E66C2B73250A338D00153CD7 /* KSMediaTrack.m */ = {isa = PBXFileReference; fileEncoding = 4; lastKnownFileType = sourcecode.c.objc; path = KSMediaTrack.m; sourceTree = "<group>"; };
		E66C2B74250A338D00153CD7 /* KSRTCKey.h */ = {isa = PBXFileReference; fileEncoding = 4; lastKnownFileType = sourcecode.c.h; path = KSRTCKey.h; sourceTree = "<group>"; };
		E66C2B76250A338D00153CD7 /* KSAudioPlayer.h */ = {isa = PBXFileReference; fileEncoding = 4; lastKnownFileType = sourcecode.c.h; path = KSAudioPlayer.h; sourceTree = "<group>"; };
		E66C2B77250A338D00153CD7 /* KSAudioPlayer.m */ = {isa = PBXFileReference; fileEncoding = 4; lastKnownFileType = sourcecode.c.objc; path = KSAudioPlayer.m; sourceTree = "<group>"; };
		E66C2B78250A338D00153CD7 /* KSDeviceSwitch.h */ = {isa = PBXFileReference; fileEncoding = 4; lastKnownFileType = sourcecode.c.h; path = KSDeviceSwitch.h; sourceTree = "<group>"; };
		E66C2B79250A338D00153CD7 /* KSDeviceSwitch.m */ = {isa = PBXFileReference; fileEncoding = 4; lastKnownFileType = sourcecode.c.objc; path = KSDeviceSwitch.m; sourceTree = "<group>"; };
		E66C2B7A250A338D00153CD7 /* KSSession.h */ = {isa = PBXFileReference; fileEncoding = 4; lastKnownFileType = sourcecode.c.h; path = KSSession.h; sourceTree = "<group>"; };
		E66C2B7B250A338D00153CD7 /* KSSession.m */ = {isa = PBXFileReference; fileEncoding = 4; lastKnownFileType = sourcecode.c.objc; path = KSSession.m; sourceTree = "<group>"; };
		E66C2B7C250A338D00153CD7 /* KSWebRTCManager.h */ = {isa = PBXFileReference; fileEncoding = 4; lastKnownFileType = sourcecode.c.h; path = KSWebRTCManager.h; sourceTree = "<group>"; };
		E66C2B7D250A338D00153CD7 /* KSWebRTCManager.m */ = {isa = PBXFileReference; fileEncoding = 4; lastKnownFileType = sourcecode.c.objc; path = KSWebRTCManager.m; sourceTree = "<group>"; };
		E66C2B80250A338D00153CD7 /* KSCollectionViewCell.h */ = {isa = PBXFileReference; fileEncoding = 4; lastKnownFileType = sourcecode.c.h; path = KSCollectionViewCell.h; sourceTree = "<group>"; };
		E66C2B81250A338D00153CD7 /* KSCollectionViewCell.m */ = {isa = PBXFileReference; fileEncoding = 4; lastKnownFileType = sourcecode.c.objc; path = KSCollectionViewCell.m; sourceTree = "<group>"; };
		E66C2B82250A338D00153CD7 /* KSTableViewCell.h */ = {isa = PBXFileReference; fileEncoding = 4; lastKnownFileType = sourcecode.c.h; path = KSTableViewCell.h; sourceTree = "<group>"; };
		E66C2B83250A338D00153CD7 /* KSTableViewCell.m */ = {isa = PBXFileReference; fileEncoding = 4; lastKnownFileType = sourcecode.c.objc; path = KSTableViewCell.m; sourceTree = "<group>"; };
		E66C2B85250A338D00153CD7 /* KSSuperController.h */ = {isa = PBXFileReference; fileEncoding = 4; lastKnownFileType = sourcecode.c.h; path = KSSuperController.h; sourceTree = "<group>"; };
		E66C2B86250A338D00153CD7 /* KSSuperController.m */ = {isa = PBXFileReference; fileEncoding = 4; lastKnownFileType = sourcecode.c.objc; path = KSSuperController.m; sourceTree = "<group>"; };
		E66C2B88250A338D00153CD7 /* KSAbstract.h */ = {isa = PBXFileReference; fileEncoding = 4; lastKnownFileType = sourcecode.c.h; path = KSAbstract.h; sourceTree = "<group>"; };
		E66C2B89250A338D00153CD7 /* KSAbstract.m */ = {isa = PBXFileReference; fileEncoding = 4; lastKnownFileType = sourcecode.c.objc; path = KSAbstract.m; sourceTree = "<group>"; };
		E66C2B8A250A338D00153CD7 /* KSExecuteArgs.h */ = {isa = PBXFileReference; fileEncoding = 4; lastKnownFileType = sourcecode.c.h; path = KSExecuteArgs.h; sourceTree = "<group>"; };
		E66C2B8B250A338D00153CD7 /* KSExecuteArgs.m */ = {isa = PBXFileReference; fileEncoding = 4; lastKnownFileType = sourcecode.c.objc; path = KSExecuteArgs.m; sourceTree = "<group>"; };
		E66C2B8D250A338D00153CD7 /* KSEventCallbackView.h */ = {isa = PBXFileReference; fileEncoding = 4; lastKnownFileType = sourcecode.c.h; path = KSEventCallbackView.h; sourceTree = "<group>"; };
		E66C2B8E250A338D00153CD7 /* KSEventCallbackView.m */ = {isa = PBXFileReference; fileEncoding = 4; lastKnownFileType = sourcecode.c.objc; path = KSEventCallbackView.m; sourceTree = "<group>"; };
		E66C2B8F250A338D00153CD7 /* KSNavigationBar.h */ = {isa = PBXFileReference; fileEncoding = 4; lastKnownFileType = sourcecode.c.h; path = KSNavigationBar.h; sourceTree = "<group>"; };
		E66C2B90250A338D00153CD7 /* KSNavigationBar.m */ = {isa = PBXFileReference; fileEncoding = 4; lastKnownFileType = sourcecode.c.objc; path = KSNavigationBar.m; sourceTree = "<group>"; };
		E66C2B93250A338D00153CD7 /* KSCallView.h */ = {isa = PBXFileReference; fileEncoding = 4; lastKnownFileType = sourcecode.c.h; path = KSCallView.h; sourceTree = "<group>"; };
		E66C2B94250A338D00153CD7 /* KSCallView.m */ = {isa = PBXFileReference; fileEncoding = 4; lastKnownFileType = sourcecode.c.objc; path = KSCallView.m; sourceTree = "<group>"; };
		E66C2B95250A338D00153CD7 /* KSMediaView.h */ = {isa = PBXFileReference; fileEncoding = 4; lastKnownFileType = sourcecode.c.h; path = KSMediaView.h; sourceTree = "<group>"; };
		E66C2B96250A338D00153CD7 /* KSMediaView.m */ = {isa = PBXFileReference; fileEncoding = 4; lastKnownFileType = sourcecode.c.objc; path = KSMediaView.m; sourceTree = "<group>"; };
		E66C2B97250A338D00153CD7 /* KSScreenMediaView.h */ = {isa = PBXFileReference; fileEncoding = 4; lastKnownFileType = sourcecode.c.h; path = KSScreenMediaView.h; sourceTree = "<group>"; };
		E66C2B98250A338D00153CD7 /* KSScreenMediaView.m */ = {isa = PBXFileReference; fileEncoding = 4; lastKnownFileType = sourcecode.c.objc; path = KSScreenMediaView.m; sourceTree = "<group>"; };
		E66C2B99250A338D00153CD7 /* KSTileLayout.h */ = {isa = PBXFileReference; fileEncoding = 4; lastKnownFileType = sourcecode.c.h; path = KSTileLayout.h; sourceTree = "<group>"; };
		E66C2B9A250A338D00153CD7 /* KSTileLayout.m */ = {isa = PBXFileReference; fileEncoding = 4; lastKnownFileType = sourcecode.c.objc; path = KSTileLayout.m; sourceTree = "<group>"; };
		E66C2B9B250A338D00153CD7 /* KSTileMediaCell.h */ = {isa = PBXFileReference; fileEncoding = 4; lastKnownFileType = sourcecode.c.h; path = KSTileMediaCell.h; sourceTree = "<group>"; };
		E66C2B9C250A338D00153CD7 /* KSTileMediaCell.m */ = {isa = PBXFileReference; fileEncoding = 4; lastKnownFileType = sourcecode.c.objc; path = KSTileMediaCell.m; sourceTree = "<group>"; };
		E66C2B9D250A338D00153CD7 /* KSTileMediaView.h */ = {isa = PBXFileReference; fileEncoding = 4; lastKnownFileType = sourcecode.c.h; path = KSTileMediaView.h; sourceTree = "<group>"; };
		E66C2B9E250A338D00153CD7 /* KSTileMediaView.m */ = {isa = PBXFileReference; fileEncoding = 4; lastKnownFileType = sourcecode.c.objc; path = KSTileMediaView.m; sourceTree = "<group>"; };
		E66C2B9F250A338D00153CD7 /* KSVisualEffectView.h */ = {isa = PBXFileReference; fileEncoding = 4; lastKnownFileType = sourcecode.c.h; path = KSVisualEffectView.h; sourceTree = "<group>"; };
		E66C2BA0250A338D00153CD7 /* KSVisualEffectView.m */ = {isa = PBXFileReference; fileEncoding = 4; lastKnownFileType = sourcecode.c.objc; path = KSVisualEffectView.m; sourceTree = "<group>"; };
		E66C2BA2250A338D00153CD7 /* KSCallMenu.h */ = {isa = PBXFileReference; fileEncoding = 4; lastKnownFileType = sourcecode.c.h; path = KSCallMenu.h; sourceTree = "<group>"; };
		E66C2BA3250A338D00153CD7 /* KSCallMenu.m */ = {isa = PBXFileReference; fileEncoding = 4; lastKnownFileType = sourcecode.c.objc; path = KSCallMenu.m; sourceTree = "<group>"; };
		E66C2BA4250A338D00153CD7 /* KSCallMenuCell.h */ = {isa = PBXFileReference; fileEncoding = 4; lastKnownFileType = sourcecode.c.h; path = KSCallMenuCell.h; sourceTree = "<group>"; };
		E66C2BA5250A338D00153CD7 /* KSCallMenuCell.m */ = {isa = PBXFileReference; fileEncoding = 4; lastKnownFileType = sourcecode.c.objc; path = KSCallMenuCell.m; sourceTree = "<group>"; };
		E66C2BA6250A338D00153CD7 /* KSCallMenuController.h */ = {isa = PBXFileReference; fileEncoding = 4; lastKnownFileType = sourcecode.c.h; path = KSCallMenuController.h; sourceTree = "<group>"; };
		E66C2BA7250A338D00153CD7 /* KSCallMenuController.m */ = {isa = PBXFileReference; fileEncoding = 4; lastKnownFileType = sourcecode.c.objc; path = KSCallMenuController.m; sourceTree = "<group>"; };
		E66C2BA8250A338D00153CD7 /* KSCallMenuView.h */ = {isa = PBXFileReference; fileEncoding = 4; lastKnownFileType = sourcecode.c.h; path = KSCallMenuView.h; sourceTree = "<group>"; };
		E66C2BA9250A338D00153CD7 /* KSCallMenuView.m */ = {isa = PBXFileReference; fileEncoding = 4; lastKnownFileType = sourcecode.c.objc; path = KSCallMenuView.m; sourceTree = "<group>"; };
		E66C2BAC250A338D00153CD7 /* KSAnswerBarView.h */ = {isa = PBXFileReference; fileEncoding = 4; lastKnownFileType = sourcecode.c.h; path = KSAnswerBarView.h; sourceTree = "<group>"; };
		E66C2BAD250A338D00153CD7 /* KSAnswerBarView.m */ = {isa = PBXFileReference; fileEncoding = 4; lastKnownFileType = sourcecode.c.objc; path = KSAnswerBarView.m; sourceTree = "<group>"; };
		E66C2BAF250A338D00153CD7 /* KSCallBarCell.h */ = {isa = PBXFileReference; fileEncoding = 4; lastKnownFileType = sourcecode.c.h; path = KSCallBarCell.h; sourceTree = "<group>"; };
		E66C2BB0250A338D00153CD7 /* KSCallBarCell.m */ = {isa = PBXFileReference; fileEncoding = 4; lastKnownFileType = sourcecode.c.objc; path = KSCallBarCell.m; sourceTree = "<group>"; };
		E66C2BB1250A338D00153CD7 /* KSCallBarView.h */ = {isa = PBXFileReference; fileEncoding = 4; lastKnownFileType = sourcecode.c.h; path = KSCallBarView.h; sourceTree = "<group>"; };
		E66C2BB2250A338D00153CD7 /* KSCallBarView.m */ = {isa = PBXFileReference; fileEncoding = 4; lastKnownFileType = sourcecode.c.objc; path = KSCallBarView.m; sourceTree = "<group>"; };
		E66C2BB3250A338D00153CD7 /* KSFunctionalBarCell.h */ = {isa = PBXFileReference; fileEncoding = 4; lastKnownFileType = sourcecode.c.h; path = KSFunctionalBarCell.h; sourceTree = "<group>"; };
		E66C2BB4250A338D00153CD7 /* KSFunctionalBarCell.m */ = {isa = PBXFileReference; fileEncoding = 4; lastKnownFileType = sourcecode.c.objc; path = KSFunctionalBarCell.m; sourceTree = "<group>"; };
		E66C2BB5250A338D00153CD7 /* KSFunctionalBarView.h */ = {isa = PBXFileReference; fileEncoding = 4; lastKnownFileType = sourcecode.c.h; path = KSFunctionalBarView.h; sourceTree = "<group>"; };
		E66C2BB6250A338D00153CD7 /* KSFunctionalBarView.m */ = {isa = PBXFileReference; fileEncoding = 4; lastKnownFileType = sourcecode.c.objc; path = KSFunctionalBarView.m; sourceTree = "<group>"; };
		E66C2BB8250A338D00153CD7 /* KSBtnInfo.h */ = {isa = PBXFileReference; fileEncoding = 4; lastKnownFileType = sourcecode.c.h; path = KSBtnInfo.h; sourceTree = "<group>"; };
		E66C2BB9250A338D00153CD7 /* KSBtnInfo.m */ = {isa = PBXFileReference; fileEncoding = 4; lastKnownFileType = sourcecode.c.objc; path = KSBtnInfo.m; sourceTree = "<group>"; };
		E66C2BBC250A338D00153CD7 /* KSMeetingBarCell.h */ = {isa = PBXFileReference; fileEncoding = 4; lastKnownFileType = sourcecode.c.h; path = KSMeetingBarCell.h; sourceTree = "<group>"; };
		E66C2BBD250A338D00153CD7 /* KSMeetingBarCell.m */ = {isa = PBXFileReference; fileEncoding = 4; lastKnownFileType = sourcecode.c.objc; path = KSMeetingBarCell.m; sourceTree = "<group>"; };
		E66C2BBE250A338D00153CD7 /* KSMeetingBarView.h */ = {isa = PBXFileReference; fileEncoding = 4; lastKnownFileType = sourcecode.c.h; path = KSMeetingBarView.h; sourceTree = "<group>"; };
		E66C2BBF250A338D00153CD7 /* KSMeetingBarView.m */ = {isa = PBXFileReference; fileEncoding = 4; lastKnownFileType = sourcecode.c.objc; path = KSMeetingBarView.m; sourceTree = "<group>"; };
		E66C2BC0250A338D00153CD7 /* KSMeetingThemeView.h */ = {isa = PBXFileReference; fileEncoding = 4; lastKnownFileType = sourcecode.c.h; path = KSMeetingThemeView.h; sourceTree = "<group>"; };
		E66C2BC1250A338D00153CD7 /* KSMeetingThemeView.m */ = {isa = PBXFileReference; fileEncoding = 4; lastKnownFileType = sourcecode.c.objc; path = KSMeetingThemeView.m; sourceTree = "<group>"; };
		E66C2BC3250A338D00153CD7 /* KSProfileBarView.h */ = {isa = PBXFileReference; fileEncoding = 4; lastKnownFileType = sourcecode.c.h; path = KSProfileBarView.h; sourceTree = "<group>"; };
		E66C2BC4250A338D00153CD7 /* KSProfileBarView.m */ = {isa = PBXFileReference; fileEncoding = 4; lastKnownFileType = sourcecode.c.objc; path = KSProfileBarView.m; sourceTree = "<group>"; };
		E66C2BC5250A338D00153CD7 /* KSProfileView.h */ = {isa = PBXFileReference; fileEncoding = 4; lastKnownFileType = sourcecode.c.h; path = KSProfileView.h; sourceTree = "<group>"; };
		E66C2BC6250A338D00153CD7 /* KSProfileView.m */ = {isa = PBXFileReference; fileEncoding = 4; lastKnownFileType = sourcecode.c.objc; path = KSProfileView.m; sourceTree = "<group>"; };
		E66C2BC7250A338D00153CD7 /* KSRoundImageView.h */ = {isa = PBXFileReference; fileEncoding = 4; lastKnownFileType = sourcecode.c.h; path = KSRoundImageView.h; sourceTree = "<group>"; };
		E66C2BC8250A338D00153CD7 /* KSRoundImageView.m */ = {isa = PBXFileReference; fileEncoding = 4; lastKnownFileType = sourcecode.c.objc; path = KSRoundImageView.m; sourceTree = "<group>"; };
		E66C2BCA250A338D00153CD7 /* KSProfileInfo.h */ = {isa = PBXFileReference; fileEncoding = 4; lastKnownFileType = sourcecode.c.h; path = KSProfileInfo.h; sourceTree = "<group>"; };
		E66C2BCB250A338D00153CD7 /* KSProfileInfo.m */ = {isa = PBXFileReference; fileEncoding = 4; lastKnownFileType = sourcecode.c.objc; path = KSProfileInfo.m; sourceTree = "<group>"; };
		E66C2BCD250A338D00153CD7 /* KSCoolHUB.h */ = {isa = PBXFileReference; fileEncoding = 4; lastKnownFileType = sourcecode.c.h; path = KSCoolHUB.h; sourceTree = "<group>"; };
		E66C2BCE250A338D00153CD7 /* KSCoolHUB.m */ = {isa = PBXFileReference; fileEncoding = 4; lastKnownFileType = sourcecode.c.objc; path = KSCoolHUB.m; sourceTree = "<group>"; };
		E66C2BCF250A338D00153CD7 /* KSCoolTipsView.h */ = {isa = PBXFileReference; fileEncoding = 4; lastKnownFileType = sourcecode.c.h; path = KSCoolTipsView.h; sourceTree = "<group>"; };
		E66C2BD0250A338D00153CD7 /* KSCoolTipsView.m */ = {isa = PBXFileReference; fileEncoding = 4; lastKnownFileType = sourcecode.c.objc; path = KSCoolTipsView.m; sourceTree = "<group>"; };
		E66C2BD2250A338D00153CD7 /* KSTopBarView.h */ = {isa = PBXFileReference; fileEncoding = 4; lastKnownFileType = sourcecode.c.h; path = KSTopBarView.h; sourceTree = "<group>"; };
		E66C2BD3250A338D00153CD7 /* KSTopBarView.m */ = {isa = PBXFileReference; fileEncoding = 4; lastKnownFileType = sourcecode.c.objc; path = KSTopBarView.m; sourceTree = "<group>"; };
		E66C2BD6250A338D00153CD7 /* KSWaitingAnswersMemberCell.h */ = {isa = PBXFileReference; fileEncoding = 4; lastKnownFileType = sourcecode.c.h; path = KSWaitingAnswersMemberCell.h; sourceTree = "<group>"; };
		E66C2BD7250A338D00153CD7 /* KSWaitingAnswersMemberCell.m */ = {isa = PBXFileReference; fileEncoding = 4; lastKnownFileType = sourcecode.c.objc; path = KSWaitingAnswersMemberCell.m; sourceTree = "<group>"; };
		E66C2BD9250A338D00153CD7 /* KSCellAlignmentFlowLayout.h */ = {isa = PBXFileReference; fileEncoding = 4; lastKnownFileType = sourcecode.c.h; path = KSCellAlignmentFlowLayout.h; sourceTree = "<group>"; };
		E66C2BDA250A338D00153CD7 /* KSCellAlignmentFlowLayout.m */ = {isa = PBXFileReference; fileEncoding = 4; lastKnownFileType = sourcecode.c.objc; path = KSCellAlignmentFlowLayout.m; sourceTree = "<group>"; };
		E66C2BDB250A338D00153CD7 /* KSWaitingAnswersGroupView.h */ = {isa = PBXFileReference; fileEncoding = 4; lastKnownFileType = sourcecode.c.h; path = KSWaitingAnswersGroupView.h; sourceTree = "<group>"; };
		E66C2BDC250A338D00153CD7 /* KSWaitingAnswersGroupView.m */ = {isa = PBXFileReference; fileEncoding = 4; lastKnownFileType = sourcecode.c.objc; path = KSWaitingAnswersGroupView.m; sourceTree = "<group>"; };
		E66C2BDD250A338D00153CD7 /* KSWaitingAnswersView.h */ = {isa = PBXFileReference; fileEncoding = 4; lastKnownFileType = sourcecode.c.h; path = KSWaitingAnswersView.h; sourceTree = "<group>"; };
		E66C2BDE250A338D00153CD7 /* KSWaitingAnswersView.m */ = {isa = PBXFileReference; fileEncoding = 4; lastKnownFileType = sourcecode.c.objc; path = KSWaitingAnswersView.m; sourceTree = "<group>"; };
		E6B87731251F1FBD0045062D /* KSMessageHandler.h */ = {isa = PBXFileReference; lastKnownFileType = sourcecode.c.h; path = KSMessageHandler.h; sourceTree = "<group>"; };
		E6B87732251F1FBD0045062D /* KSMessageHandler.m */ = {isa = PBXFileReference; lastKnownFileType = sourcecode.c.objc; path = KSMessageHandler.m; sourceTree = "<group>"; };
		E6B8774B251F30E80045062D /* KSLogicMsg.h */ = {isa = PBXFileReference; lastKnownFileType = sourcecode.c.h; path = KSLogicMsg.h; sourceTree = "<group>"; };
		E6B8774C251F30E80045062D /* KSLogicMsg.m */ = {isa = PBXFileReference; lastKnownFileType = sourcecode.c.objc; path = KSLogicMsg.m; sourceTree = "<group>"; };
		E6E1E6B424E9444300536FBB /* en */ = {isa = PBXFileReference; lastKnownFileType = text.plist.strings; name = en; path = en.lproj/Localizable.strings; sourceTree = "<group>"; };
		E6E1E6B624E9444800536FBB /* zh-Hant */ = {isa = PBXFileReference; lastKnownFileType = text.plist.strings; name = "zh-Hant"; path = "zh-Hant.lproj/Localizable.strings"; sourceTree = "<group>"; };
/* End PBXFileReference section */

/* Begin PBXFrameworksBuildPhase section */
		E6400F2D24B8507F004C7060 /* Frameworks */ = {
			isa = PBXFrameworksBuildPhase;
			buildActionMask = 2147483647;
			files = (
				E66C2C50250A375700153CD7 /* WebRTC.framework in Frameworks */,
			);
			runOnlyForDeploymentPostprocessing = 0;
		};
/* End PBXFrameworksBuildPhase section */

/* Begin PBXGroup section */
		E632FECB24E93FFF0049ED8A /* Resources */ = {
			isa = PBXGroup;
			children = (
				E6E1E6B524E9444300536FBB /* Localizable.strings */,
			);
			path = Resources;
			sourceTree = "<group>";
		};
		E632FECE24E9402A0049ED8A /* Script */ = {
			isa = PBXGroup;
			children = (
				E66C2ADF250A338D00153CD7 /* Chat */,
				E632FECF24E940390049ED8A /* Main */,
			);
			path = Script;
			sourceTree = "<group>";
		};
		E632FECF24E940390049ED8A /* Main */ = {
			isa = PBXGroup;
			children = (
				E6400F3324B8507F004C7060 /* AppDelegate.h */,
				E6400F3424B8507F004C7060 /* AppDelegate.m */,
				E6400F3624B8507F004C7060 /* ViewController.h */,
				E6400F3724B8507F004C7060 /* ViewController.m */,
			);
			path = Main;
			sourceTree = "<group>";
		};
		E6400F2724B8507F004C7060 = {
			isa = PBXGroup;
			children = (
				E6400F3224B8507F004C7060 /* KSWebRTC */,
				E6400F3124B8507F004C7060 /* Products */,
			);
			sourceTree = "<group>";
		};
		E6400F3124B8507F004C7060 /* Products */ = {
			isa = PBXGroup;
			children = (
				E6400F3024B8507F004C7060 /* KSWebRTC.app */,
			);
			name = Products;
			sourceTree = "<group>";
		};
		E6400F3224B8507F004C7060 /* KSWebRTC */ = {
			isa = PBXGroup;
			children = (
				E632FECE24E9402A0049ED8A /* Script */,
				E632FECB24E93FFF0049ED8A /* Resources */,
				E6400F3924B8507F004C7060 /* Main.storyboard */,
				E6400F3C24B85080004C7060 /* Assets.xcassets */,
				E6400F3E24B85080004C7060 /* LaunchScreen.storyboard */,
				E6400F4124B85080004C7060 /* Info.plist */,
				E6400F4224B85080004C7060 /* main.m */,
			);
			path = KSWebRTC;
			sourceTree = "<group>";
		};
		E66C2ADF250A338D00153CD7 /* Chat */ = {
			isa = PBXGroup;
			children = (
				E66C2B1D250A338D00153CD7 /* Module */,
				E66C2B52250A338D00153CD7 /* WebRTC */,
				E66C2AE0250A338D00153CD7 /* Custom */,
				E66C2B1B250A338D00153CD7 /* Frameworks */,
				E66C2B21250A338D00153CD7 /* Library */,
			);
			path = Chat;
			sourceTree = "<group>";
		};
		E66C2AE0250A338D00153CD7 /* Custom */ = {
			isa = PBXGroup;
			children = (
				E66C2AE1250A338D00153CD7 /* Category */,
				E66C2B00250A338D00153CD7 /* Import */,
				E66C2B06250A338D00153CD7 /* Kits */,
				E66C2B0F250A338D00153CD7 /* Socket */,
				E66C2B14250A338D00153CD7 /* Utils */,
			);
			path = Custom;
			sourceTree = "<group>";
		};
		E66C2AE1250A338D00153CD7 /* Category */ = {
			isa = PBXGroup;
			children = (
				E66C2AE2250A338D00153CD7 /* KSSuperController+Category.h */,
				E66C2AE3250A338D00153CD7 /* KSSuperController+Category.m */,
				E66C2AE4250A338D00153CD7 /* NSDictionary+Category.h */,
				E66C2AE5250A338D00153CD7 /* NSDictionary+Category.m */,
				E66C2AE6250A338D00153CD7 /* NSObject+Category.h */,
				E66C2AE7250A338D00153CD7 /* NSObject+Category.m */,
				E66C2AE8250A338D00153CD7 /* NSString+Category.h */,
				E66C2AE9250A338D00153CD7 /* NSString+Category.m */,
				E66C2AEA250A338D00153CD7 /* RTCIceCandidate+Category.h */,
				E66C2AEB250A338D00153CD7 /* RTCIceCandidate+Category.m */,
				E66C2AEC250A338D00153CD7 /* RTCPeerConnection+Category.h */,
				E66C2AED250A338D00153CD7 /* RTCPeerConnection+Category.m */,
				E66C2AEE250A338D00153CD7 /* RTCSessionDescription+Category.h */,
				E66C2AEF250A338D00153CD7 /* RTCSessionDescription+Category.m */,
				E66C2AF0250A338D00153CD7 /* UIButton+Category.h */,
				E66C2AF1250A338D00153CD7 /* UIButton+Category.m */,
				E66C2AF2250A338D00153CD7 /* UIColor+Category.h */,
				E66C2AF3250A338D00153CD7 /* UIColor+Category.m */,
				E66C2AF4250A338D00153CD7 /* UIFont+Category.h */,
				E66C2AF5250A338D00153CD7 /* UIFont+Category.m */,
				E66C2AF6250A338D00153CD7 /* UIImage+Category.h */,
				E66C2AF7250A338D00153CD7 /* UIImage+Category.m */,
				E66C2AF8250A338D00153CD7 /* UIImageView+Category.h */,
				E66C2AF9250A338D00153CD7 /* UIImageView+Category.m */,
				E66C2AFA250A338D00153CD7 /* UILabel+Category.h */,
				E66C2AFB250A338D00153CD7 /* UILabel+Category.m */,
				E66C2AFC250A338D00153CD7 /* UIView+Category.h */,
				E66C2AFD250A338D00153CD7 /* UIView+Category.m */,
				E66C2AFE250A338D00153CD7 /* UIViewController+Category.h */,
				E66C2AFF250A338D00153CD7 /* UIViewController+Category.m */,
			);
			path = Category;
			sourceTree = "<group>";
		};
		E66C2B00250A338D00153CD7 /* Import */ = {
			isa = PBXGroup;
			children = (
				E66C2B01250A338D00153CD7 /* KSExtern.h */,
				E66C2B02250A338D00153CD7 /* KSExtern.m */,
				E66C2B03250A338D00153CD7 /* KSImport.h */,
				E66C2B04250A338D00153CD7 /* KSMacro.h */,
				E66C2B05250A338D00153CD7 /* KSPrefixHeader.pch */,
			);
			path = Import;
			sourceTree = "<group>";
		};
		E66C2B06250A338D00153CD7 /* Kits */ = {
			isa = PBXGroup;
			children = (
				E66C2B07250A338D00153CD7 /* KSButton.h */,
				E66C2B08250A338D00153CD7 /* KSButton.m */,
				E66C2B09250A338D00153CD7 /* KSComposeButton.h */,
				E66C2B0A250A338D00153CD7 /* KSComposeButton.m */,
				E66C2B0B250A338D00153CD7 /* KSIputView.h */,
				E66C2B0C250A338D00153CD7 /* KSIputView.m */,
				E66C2B0D250A338D00153CD7 /* KSLayoutButton.h */,
				E66C2B0E250A338D00153CD7 /* KSLayoutButton.m */,
			);
			path = Kits;
			sourceTree = "<group>";
		};
		E66C2B0F250A338D00153CD7 /* Socket */ = {
			isa = PBXGroup;
			children = (
				E66C2B10250A338D00153CD7 /* KSWebSocket.h */,
				E66C2B11250A338D00153CD7 /* KSWebSocket.m */,
				E66C2B12250A338D00153CD7 /* KSWebSocketConfigure.h */,
				E66C2B13250A338D00153CD7 /* KSWebSocketConfigure.m */,
			);
			path = Socket;
			sourceTree = "<group>";
		};
		E66C2B14250A338D00153CD7 /* Utils */ = {
			isa = PBXGroup;
			children = (
				E66C2B15250A338D00153CD7 /* Regex */,
				E66C2B18250A338D00153CD7 /* Timekeeper */,
			);
			path = Utils;
			sourceTree = "<group>";
		};
		E66C2B15250A338D00153CD7 /* Regex */ = {
			isa = PBXGroup;
			children = (
				E66C2B16250A338D00153CD7 /* KSRegex.h */,
				E66C2B17250A338D00153CD7 /* KSRegex.m */,
			);
			path = Regex;
			sourceTree = "<group>";
		};
		E66C2B18250A338D00153CD7 /* Timekeeper */ = {
			isa = PBXGroup;
			children = (
				E66C2B19250A338D00153CD7 /* KSTimekeeper.h */,
				E66C2B1A250A338D00153CD7 /* KSTimekeeper.m */,
			);
			path = Timekeeper;
			sourceTree = "<group>";
		};
		E66C2B1B250A338D00153CD7 /* Frameworks */ = {
			isa = PBXGroup;
			children = (
				E66C2B1C250A338D00153CD7 /* WebRTC.framework */,
			);
			path = Frameworks;
			sourceTree = "<group>";
		};
		E66C2B1D250A338D00153CD7 /* Module */ = {
			isa = PBXGroup;
			children = (
				E66C2B4F250A338D00153CD7 /* Interface */,
				E66C2B1E250A338D00153CD7 /* Chat */,
			);
			path = Module;
			sourceTree = "<group>";
		};
		E66C2B1E250A338D00153CD7 /* Chat */ = {
			isa = PBXGroup;
			children = (
				E66C2B1F250A338D00153CD7 /* KSChatController.h */,
				E66C2B20250A338D00153CD7 /* KSChatController.m */,
			);
			path = Chat;
			sourceTree = "<group>";
		};
		E66C2B21250A338D00153CD7 /* Library */ = {
			isa = PBXGroup;
			children = (
				E66C2B22250A338D00153CD7 /* Alert */,
				E66C2B25250A338D00153CD7 /* FDFullscreenPopGesture */,
				E66C2B28250A338D00153CD7 /* MJExtension */,
				E66C2B3E250A338D00153CD7 /* SocketRocket */,
				E66C2B42250A338D00153CD7 /* SVProgressHUD */,
			);
			path = Library;
			sourceTree = "<group>";
		};
		E66C2B22250A338D00153CD7 /* Alert */ = {
			isa = PBXGroup;
			children = (
				E66C2B23250A338D00153CD7 /* KSAlertController.h */,
				E66C2B24250A338D00153CD7 /* KSAlertController.m */,
			);
			path = Alert;
			sourceTree = "<group>";
		};
		E66C2B25250A338D00153CD7 /* FDFullscreenPopGesture */ = {
			isa = PBXGroup;
			children = (
				E66C2B26250A338D00153CD7 /* UINavigationController+FDFullscreenPopGesture.h */,
				E66C2B27250A338D00153CD7 /* UINavigationController+FDFullscreenPopGesture.m */,
			);
			path = FDFullscreenPopGesture;
			sourceTree = "<group>";
		};
		E66C2B28250A338D00153CD7 /* MJExtension */ = {
			isa = PBXGroup;
			children = (
				E66C2B29250A338D00153CD7 /* MJExtension.h */,
				E66C2B2A250A338D00153CD7 /* MJExtensionConst.h */,
				E66C2B2B250A338D00153CD7 /* MJExtensionConst.m */,
				E66C2B2C250A338D00153CD7 /* MJFoundation.h */,
				E66C2B2D250A338D00153CD7 /* MJFoundation.m */,
				E66C2B2E250A338D00153CD7 /* MJProperty.h */,
				E66C2B2F250A338D00153CD7 /* MJProperty.m */,
				E66C2B30250A338D00153CD7 /* MJPropertyKey.h */,
				E66C2B31250A338D00153CD7 /* MJPropertyKey.m */,
				E66C2B32250A338D00153CD7 /* MJPropertyType.h */,
				E66C2B33250A338D00153CD7 /* MJPropertyType.m */,
				E66C2B34250A338D00153CD7 /* NSObject+MJClass.h */,
				E66C2B35250A338D00153CD7 /* NSObject+MJClass.m */,
				E66C2B36250A338D00153CD7 /* NSObject+MJCoding.h */,
				E66C2B37250A338D00153CD7 /* NSObject+MJCoding.m */,
				E66C2B38250A338D00153CD7 /* NSObject+MJKeyValue.h */,
				E66C2B39250A338D00153CD7 /* NSObject+MJKeyValue.m */,
				E66C2B3A250A338D00153CD7 /* NSObject+MJProperty.h */,
				E66C2B3B250A338D00153CD7 /* NSObject+MJProperty.m */,
				E66C2B3C250A338D00153CD7 /* NSString+MJExtension.h */,
				E66C2B3D250A338D00153CD7 /* NSString+MJExtension.m */,
			);
			path = MJExtension;
			sourceTree = "<group>";
		};
		E66C2B3E250A338D00153CD7 /* SocketRocket */ = {
			isa = PBXGroup;
			children = (
				E66C2B3F250A338D00153CD7 /* SocketRocket.h */,
				E66C2B40250A338D00153CD7 /* SRWebSocket.h */,
				E66C2B41250A338D00153CD7 /* SRWebSocket.m */,
			);
			path = SocketRocket;
			sourceTree = "<group>";
		};
		E66C2B42250A338D00153CD7 /* SVProgressHUD */ = {
			isa = PBXGroup;
			children = (
				E66C2B43250A338D00153CD7 /* SVIndefiniteAnimatedView.h */,
				E66C2B44250A338D00153CD7 /* SVIndefiniteAnimatedView.m */,
				E66C2B45250A338D00153CD7 /* SVProgressAnimatedView.h */,
				E66C2B46250A338D00153CD7 /* SVProgressAnimatedView.m */,
				E66C2B47250A338D00153CD7 /* SVProgressHUD-Prefix.pch */,
				E66C2B48250A338D00153CD7 /* SVProgressHUD.bundle */,
				E66C2B49250A338D00153CD7 /* SVProgressHUD.h */,
				E66C2B4A250A338D00153CD7 /* SVProgressHUD.m */,
				E66C2B4B250A338D00153CD7 /* SVRadialGradientLayer.h */,
				E66C2B4C250A338D00153CD7 /* SVRadialGradientLayer.m */,
			);
			path = SVProgressHUD;
			sourceTree = "<group>";
		};
		E66C2B4F250A338D00153CD7 /* Interface */ = {
			isa = PBXGroup;
			children = (
				E66C2B50250A338D00153CD7 /* KSChatInterfaceController.h */,
				E66C2B51250A338D00153CD7 /* KSChatInterfaceController.m */,
			);
			path = Interface;
			sourceTree = "<group>";
		};
		E66C2B52250A338D00153CD7 /* WebRTC */ = {
			isa = PBXGroup;
			children = (
				E66C2B75250A338D00153CD7 /* RTCManager */,
				E66C2B5C250A338D00153CD7 /* MessageHandler */,
				E66C2B53250A338D00153CD7 /* CoolTile */,
				E66C2B56250A338D00153CD7 /* Header */,
				E66C2B5F250A338D00153CD7 /* Model */,
				E66C2B68250A338D00153CD7 /* Resources */,
				E66C2B6B250A338D00153CD7 /* RTC */,
				E66C2B7E250A338D00153CD7 /* Super */,
				E66C2B91250A338D00153CD7 /* View */,
			);
			path = WebRTC;
			sourceTree = "<group>";
		};
		E66C2B53250A338D00153CD7 /* CoolTile */ = {
			isa = PBXGroup;
			children = (
				E66C2B54250A338D00153CD7 /* KSCoolTile.h */,
				E66C2B55250A338D00153CD7 /* KSCoolTile.m */,
			);
			path = CoolTile;
			sourceTree = "<group>";
		};
		E66C2B56250A338D00153CD7 /* Header */ = {
			isa = PBXGroup;
			children = (
				E66C2B57250A338D00153CD7 /* KSBlock.h */,
				E66C2B58250A338D00153CD7 /* KSCallState.h */,
				E66C2B59250A338D00153CD7 /* KSConfigure.h */,
				E66C2B5A250A338D00153CD7 /* KSNotification.h */,
				E66C2B5B250A338D00153CD7 /* KSNotification.m */,
			);
			path = Header;
			sourceTree = "<group>";
		};
		E66C2B5C250A338D00153CD7 /* MessageHandler */ = {
			isa = PBXGroup;
			children = (
				E66C2B5D250A338D00153CD7 /* KSSignalingHandler.h */,
				E66C2B5E250A338D00153CD7 /* KSSignalingHandler.m */,
				E6B87731251F1FBD0045062D /* KSMessageHandler.h */,
				E6B87732251F1FBD0045062D /* KSMessageHandler.m */,
			);
			path = MessageHandler;
			sourceTree = "<group>";
		};
		E66C2B5F250A338D00153CD7 /* Model */ = {
			isa = PBXGroup;
			children = (
				E66C2B64250A338D00153CD7 /* KSMsg.h */,
				E66C2B65250A338D00153CD7 /* KSMsg.m */,
				E66C2B66250A338D00153CD7 /* KSUserInfo.h */,
				E66C2B67250A338D00153CD7 /* KSUserInfo.m */,
				E6B8774B251F30E80045062D /* KSLogicMsg.h */,
				E6B8774C251F30E80045062D /* KSLogicMsg.m */,
			);
			path = Model;
			sourceTree = "<group>";
		};
		E66C2B68250A338D00153CD7 /* Resources */ = {
			isa = PBXGroup;
			children = (
				E66C2B69250A338D00153CD7 /* Mp3 */,
			);
			path = Resources;
			sourceTree = "<group>";
		};
		E66C2B69250A338D00153CD7 /* Mp3 */ = {
			isa = PBXGroup;
			children = (
				E66C2B6A250A338D00153CD7 /* mozart.mp3 */,
			);
			path = Mp3;
			sourceTree = "<group>";
		};
		E66C2B6B250A338D00153CD7 /* RTC */ = {
			isa = PBXGroup;
			children = (
				E66C2B6C250A338D00153CD7 /* KSMediaCapturer.h */,
				E66C2B6D250A338D00153CD7 /* KSMediaCapturer.m */,
				E66C2B6E250A338D00153CD7 /* KSMediaConnection.h */,
				E66C2B6F250A338D00153CD7 /* KSMediaConnection.m */,
				E66C2B70250A338D00153CD7 /* KSMediaSetting.h */,
				E66C2B71250A338D00153CD7 /* KSMediaSetting.m */,
				E66C2B72250A338D00153CD7 /* KSMediaTrack.h */,
				E66C2B73250A338D00153CD7 /* KSMediaTrack.m */,
				E66C2B74250A338D00153CD7 /* KSRTCKey.h */,
			);
			path = RTC;
			sourceTree = "<group>";
		};
		E66C2B75250A338D00153CD7 /* RTCManager */ = {
			isa = PBXGroup;
			children = (
				E66C2B7C250A338D00153CD7 /* KSWebRTCManager.h */,
				E66C2B7D250A338D00153CD7 /* KSWebRTCManager.m */,
				E66C2B76250A338D00153CD7 /* KSAudioPlayer.h */,
				E66C2B77250A338D00153CD7 /* KSAudioPlayer.m */,
				E66C2B78250A338D00153CD7 /* KSDeviceSwitch.h */,
				E66C2B79250A338D00153CD7 /* KSDeviceSwitch.m */,
				E66C2B7A250A338D00153CD7 /* KSSession.h */,
				E66C2B7B250A338D00153CD7 /* KSSession.m */,
			);
			path = RTCManager;
			sourceTree = "<group>";
		};
		E66C2B7E250A338D00153CD7 /* Super */ = {
			isa = PBXGroup;
			children = (
				E66C2B7F250A338D00153CD7 /* Cell */,
				E66C2B84250A338D00153CD7 /* Controller */,
				E66C2B87250A338D00153CD7 /* Model */,
				E66C2B8C250A338D00153CD7 /* View */,
			);
			path = Super;
			sourceTree = "<group>";
		};
		E66C2B7F250A338D00153CD7 /* Cell */ = {
			isa = PBXGroup;
			children = (
				E66C2B80250A338D00153CD7 /* KSCollectionViewCell.h */,
				E66C2B81250A338D00153CD7 /* KSCollectionViewCell.m */,
				E66C2B82250A338D00153CD7 /* KSTableViewCell.h */,
				E66C2B83250A338D00153CD7 /* KSTableViewCell.m */,
			);
			path = Cell;
			sourceTree = "<group>";
		};
		E66C2B84250A338D00153CD7 /* Controller */ = {
			isa = PBXGroup;
			children = (
				E66C2B85250A338D00153CD7 /* KSSuperController.h */,
				E66C2B86250A338D00153CD7 /* KSSuperController.m */,
			);
			path = Controller;
			sourceTree = "<group>";
		};
		E66C2B87250A338D00153CD7 /* Model */ = {
			isa = PBXGroup;
			children = (
				E66C2B88250A338D00153CD7 /* KSAbstract.h */,
				E66C2B89250A338D00153CD7 /* KSAbstract.m */,
				E66C2B8A250A338D00153CD7 /* KSExecuteArgs.h */,
				E66C2B8B250A338D00153CD7 /* KSExecuteArgs.m */,
			);
			path = Model;
			sourceTree = "<group>";
		};
		E66C2B8C250A338D00153CD7 /* View */ = {
			isa = PBXGroup;
			children = (
				E66C2B8D250A338D00153CD7 /* KSEventCallbackView.h */,
				E66C2B8E250A338D00153CD7 /* KSEventCallbackView.m */,
				E66C2B8F250A338D00153CD7 /* KSNavigationBar.h */,
				E66C2B90250A338D00153CD7 /* KSNavigationBar.m */,
			);
			path = View;
			sourceTree = "<group>";
		};
		E66C2B91250A338D00153CD7 /* View */ = {
			isa = PBXGroup;
			children = (
				E66C2B92250A338D00153CD7 /* MainView */,
				E66C2BA1250A338D00153CD7 /* Menu */,
				E66C2BAA250A338D00153CD7 /* SubView */,
			);
			path = View;
			sourceTree = "<group>";
		};
		E66C2B92250A338D00153CD7 /* MainView */ = {
			isa = PBXGroup;
			children = (
				E66C2B93250A338D00153CD7 /* KSCallView.h */,
				E66C2B94250A338D00153CD7 /* KSCallView.m */,
				E66C2B95250A338D00153CD7 /* KSMediaView.h */,
				E66C2B96250A338D00153CD7 /* KSMediaView.m */,
				E66C2B97250A338D00153CD7 /* KSScreenMediaView.h */,
				E66C2B98250A338D00153CD7 /* KSScreenMediaView.m */,
				E66C2B99250A338D00153CD7 /* KSTileLayout.h */,
				E66C2B9A250A338D00153CD7 /* KSTileLayout.m */,
				E66C2B9B250A338D00153CD7 /* KSTileMediaCell.h */,
				E66C2B9C250A338D00153CD7 /* KSTileMediaCell.m */,
				E66C2B9D250A338D00153CD7 /* KSTileMediaView.h */,
				E66C2B9E250A338D00153CD7 /* KSTileMediaView.m */,
				E66C2B9F250A338D00153CD7 /* KSVisualEffectView.h */,
				E66C2BA0250A338D00153CD7 /* KSVisualEffectView.m */,
			);
			path = MainView;
			sourceTree = "<group>";
		};
		E66C2BA1250A338D00153CD7 /* Menu */ = {
			isa = PBXGroup;
			children = (
				E66C2BA2250A338D00153CD7 /* KSCallMenu.h */,
				E66C2BA3250A338D00153CD7 /* KSCallMenu.m */,
				E66C2BA4250A338D00153CD7 /* KSCallMenuCell.h */,
				E66C2BA5250A338D00153CD7 /* KSCallMenuCell.m */,
				E66C2BA6250A338D00153CD7 /* KSCallMenuController.h */,
				E66C2BA7250A338D00153CD7 /* KSCallMenuController.m */,
				E66C2BA8250A338D00153CD7 /* KSCallMenuView.h */,
				E66C2BA9250A338D00153CD7 /* KSCallMenuView.m */,
			);
			path = Menu;
			sourceTree = "<group>";
		};
		E66C2BAA250A338D00153CD7 /* SubView */ = {
			isa = PBXGroup;
			children = (
				E66C2BAB250A338D00153CD7 /* AnswerBar */,
				E66C2BAE250A338D00153CD7 /* CallBar */,
				E66C2BBA250A338D00153CD7 /* Meeting */,
				E66C2BC2250A338D00153CD7 /* Profile */,
				E66C2BCC250A338D00153CD7 /* Tips */,
				E66C2BD1250A338D00153CD7 /* TopBar */,
				E66C2BD4250A338D00153CD7 /* WaitingAnswers */,
			);
			path = SubView;
			sourceTree = "<group>";
		};
		E66C2BAB250A338D00153CD7 /* AnswerBar */ = {
			isa = PBXGroup;
			children = (
				E66C2BAC250A338D00153CD7 /* KSAnswerBarView.h */,
				E66C2BAD250A338D00153CD7 /* KSAnswerBarView.m */,
			);
			path = AnswerBar;
			sourceTree = "<group>";
		};
		E66C2BAE250A338D00153CD7 /* CallBar */ = {
			isa = PBXGroup;
			children = (
				E66C2BAF250A338D00153CD7 /* KSCallBarCell.h */,
				E66C2BB0250A338D00153CD7 /* KSCallBarCell.m */,
				E66C2BB1250A338D00153CD7 /* KSCallBarView.h */,
				E66C2BB2250A338D00153CD7 /* KSCallBarView.m */,
				E66C2BB3250A338D00153CD7 /* KSFunctionalBarCell.h */,
				E66C2BB4250A338D00153CD7 /* KSFunctionalBarCell.m */,
				E66C2BB5250A338D00153CD7 /* KSFunctionalBarView.h */,
				E66C2BB6250A338D00153CD7 /* KSFunctionalBarView.m */,
				E66C2BB7250A338D00153CD7 /* ViewModel */,
			);
			path = CallBar;
			sourceTree = "<group>";
		};
		E66C2BB7250A338D00153CD7 /* ViewModel */ = {
			isa = PBXGroup;
			children = (
				E66C2BB8250A338D00153CD7 /* KSBtnInfo.h */,
				E66C2BB9250A338D00153CD7 /* KSBtnInfo.m */,
			);
			path = ViewModel;
			sourceTree = "<group>";
		};
		E66C2BBA250A338D00153CD7 /* Meeting */ = {
			isa = PBXGroup;
			children = (
				E66C2BBB250A338D00153CD7 /* Cell */,
				E66C2BBE250A338D00153CD7 /* KSMeetingBarView.h */,
				E66C2BBF250A338D00153CD7 /* KSMeetingBarView.m */,
				E66C2BC0250A338D00153CD7 /* KSMeetingThemeView.h */,
				E66C2BC1250A338D00153CD7 /* KSMeetingThemeView.m */,
			);
			path = Meeting;
			sourceTree = "<group>";
		};
		E66C2BBB250A338D00153CD7 /* Cell */ = {
			isa = PBXGroup;
			children = (
				E66C2BBC250A338D00153CD7 /* KSMeetingBarCell.h */,
				E66C2BBD250A338D00153CD7 /* KSMeetingBarCell.m */,
			);
			path = Cell;
			sourceTree = "<group>";
		};
		E66C2BC2250A338D00153CD7 /* Profile */ = {
			isa = PBXGroup;
			children = (
				E66C2BC3250A338D00153CD7 /* KSProfileBarView.h */,
				E66C2BC4250A338D00153CD7 /* KSProfileBarView.m */,
				E66C2BC5250A338D00153CD7 /* KSProfileView.h */,
				E66C2BC6250A338D00153CD7 /* KSProfileView.m */,
				E66C2BC7250A338D00153CD7 /* KSRoundImageView.h */,
				E66C2BC8250A338D00153CD7 /* KSRoundImageView.m */,
				E66C2BC9250A338D00153CD7 /* ViewModel */,
			);
			path = Profile;
			sourceTree = "<group>";
		};
		E66C2BC9250A338D00153CD7 /* ViewModel */ = {
			isa = PBXGroup;
			children = (
				E66C2BCA250A338D00153CD7 /* KSProfileInfo.h */,
				E66C2BCB250A338D00153CD7 /* KSProfileInfo.m */,
			);
			path = ViewModel;
			sourceTree = "<group>";
		};
		E66C2BCC250A338D00153CD7 /* Tips */ = {
			isa = PBXGroup;
			children = (
				E66C2BCD250A338D00153CD7 /* KSCoolHUB.h */,
				E66C2BCE250A338D00153CD7 /* KSCoolHUB.m */,
				E66C2BCF250A338D00153CD7 /* KSCoolTipsView.h */,
				E66C2BD0250A338D00153CD7 /* KSCoolTipsView.m */,
			);
			path = Tips;
			sourceTree = "<group>";
		};
		E66C2BD1250A338D00153CD7 /* TopBar */ = {
			isa = PBXGroup;
			children = (
				E66C2BD2250A338D00153CD7 /* KSTopBarView.h */,
				E66C2BD3250A338D00153CD7 /* KSTopBarView.m */,
			);
			path = TopBar;
			sourceTree = "<group>";
		};
		E66C2BD4250A338D00153CD7 /* WaitingAnswers */ = {
			isa = PBXGroup;
			children = (
				E66C2BD5250A338D00153CD7 /* Cell */,
				E66C2BD8250A338D00153CD7 /* FlowLayout */,
				E66C2BDB250A338D00153CD7 /* KSWaitingAnswersGroupView.h */,
				E66C2BDC250A338D00153CD7 /* KSWaitingAnswersGroupView.m */,
				E66C2BDD250A338D00153CD7 /* KSWaitingAnswersView.h */,
				E66C2BDE250A338D00153CD7 /* KSWaitingAnswersView.m */,
			);
			path = WaitingAnswers;
			sourceTree = "<group>";
		};
		E66C2BD5250A338D00153CD7 /* Cell */ = {
			isa = PBXGroup;
			children = (
				E66C2BD6250A338D00153CD7 /* KSWaitingAnswersMemberCell.h */,
				E66C2BD7250A338D00153CD7 /* KSWaitingAnswersMemberCell.m */,
			);
			path = Cell;
			sourceTree = "<group>";
		};
		E66C2BD8250A338D00153CD7 /* FlowLayout */ = {
			isa = PBXGroup;
			children = (
				E66C2BD9250A338D00153CD7 /* KSCellAlignmentFlowLayout.h */,
				E66C2BDA250A338D00153CD7 /* KSCellAlignmentFlowLayout.m */,
			);
			path = FlowLayout;
			sourceTree = "<group>";
		};
/* End PBXGroup section */

/* Begin PBXNativeTarget section */
		E6400F2F24B8507F004C7060 /* KSWebRTC */ = {
			isa = PBXNativeTarget;
			buildConfigurationList = E6400F4624B85080004C7060 /* Build configuration list for PBXNativeTarget "KSWebRTC" */;
			buildPhases = (
				E6400F2C24B8507F004C7060 /* Sources */,
				E6400F2D24B8507F004C7060 /* Frameworks */,
				E6400F2E24B8507F004C7060 /* Resources */,
				E632FFD124E940B70049ED8A /* Embed Frameworks */,
			);
			buildRules = (
			);
			dependencies = (
			);
			name = KSWebRTC;
			productName = KSWebRTC;
			productReference = E6400F3024B8507F004C7060 /* KSWebRTC.app */;
			productType = "com.apple.product-type.application";
		};
/* End PBXNativeTarget section */

/* Begin PBXProject section */
		E6400F2824B8507F004C7060 /* Project object */ = {
			isa = PBXProject;
			attributes = {
				LastUpgradeCheck = 0940;
				ORGANIZATIONNAME = saeipi;
				TargetAttributes = {
					E6400F2F24B8507F004C7060 = {
						CreatedOnToolsVersion = 9.4.1;
					};
				};
			};
			buildConfigurationList = E6400F2B24B8507F004C7060 /* Build configuration list for PBXProject "KSWebRTC" */;
			compatibilityVersion = "Xcode 9.3";
			developmentRegion = en;
			hasScannedForEncodings = 0;
			knownRegions = (
				en,
				Base,
				"zh-Hant",
			);
			mainGroup = E6400F2724B8507F004C7060;
			productRefGroup = E6400F3124B8507F004C7060 /* Products */;
			projectDirPath = "";
			projectRoot = "";
			targets = (
				E6400F2F24B8507F004C7060 /* KSWebRTC */,
			);
		};
/* End PBXProject section */

/* Begin PBXResourcesBuildPhase section */
		E6400F2E24B8507F004C7060 /* Resources */ = {
			isa = PBXResourcesBuildPhase;
			buildActionMask = 2147483647;
			files = (
				E66C2C0D250A338D00153CD7 /* SVProgressHUD.bundle in Resources */,
				E6400F4024B85080004C7060 /* LaunchScreen.storyboard in Resources */,
				E6E1E6B324E9444300536FBB /* Localizable.strings in Resources */,
				E66C2C19250A338D00153CD7 /* mozart.mp3 in Resources */,
				E6400F3D24B85080004C7060 /* Assets.xcassets in Resources */,
				E6400F3B24B8507F004C7060 /* Main.storyboard in Resources */,
			);
			runOnlyForDeploymentPostprocessing = 0;
		};
/* End PBXResourcesBuildPhase section */

/* Begin PBXSourcesBuildPhase section */
		E6400F2C24B8507F004C7060 /* Sources */ = {
			isa = PBXSourcesBuildPhase;
			buildActionMask = 2147483647;
			files = (
				E66C2C39250A338D00153CD7 /* KSBtnInfo.m in Sources */,
				E66C2BFF250A338D00153CD7 /* UINavigationController+FDFullscreenPopGesture.m in Sources */,
				E66C2C1F250A338D00153CD7 /* KSDeviceSwitch.m in Sources */,
				E66C2BF3250A338D00153CD7 /* KSExtern.m in Sources */,
				E66C2C28250A338D00153CD7 /* KSNavigationBar.m in Sources */,
				E66C2BFE250A338D00153CD7 /* KSAlertController.m in Sources */,
				E66C2C33250A338D00153CD7 /* KSCallMenuView.m in Sources */,
				E66C2C27250A338D00153CD7 /* KSEventCallbackView.m in Sources */,
				E66C2C1E250A338D00153CD7 /* KSAudioPlayer.m in Sources */,
				E66C2C3C250A338D00153CD7 /* KSMeetingThemeView.m in Sources */,
				E66C2BF1250A338D00153CD7 /* UIView+Category.m in Sources */,
				E66C2C08250A338D00153CD7 /* NSObject+MJProperty.m in Sources */,
				E66C2C2F250A338D00153CD7 /* KSVisualEffectView.m in Sources */,
				E66C2C1A250A338D00153CD7 /* KSMediaCapturer.m in Sources */,
				E66C2C0B250A338D00153CD7 /* SVIndefiniteAnimatedView.m in Sources */,
				E66C2BE7250A338D00153CD7 /* NSString+Category.m in Sources */,
				E66C2C3E250A338D00153CD7 /* KSProfileView.m in Sources */,
				E66C2C3F250A338D00153CD7 /* KSRoundImageView.m in Sources */,
				E66C2C3A250A338D00153CD7 /* KSMeetingBarCell.m in Sources */,
				E66C2C1C250A338D00153CD7 /* KSMediaSetting.m in Sources */,
				E66C2C30250A338D00153CD7 /* KSCallMenu.m in Sources */,
				E66C2C37250A338D00153CD7 /* KSFunctionalBarCell.m in Sources */,
				E66C2C04250A338D00153CD7 /* MJPropertyType.m in Sources */,
				E66C2BE5250A338D00153CD7 /* NSDictionary+Category.m in Sources */,
				E66C2C0E250A338D00153CD7 /* SVProgressHUD.m in Sources */,
				E66C2C31250A338D00153CD7 /* KSCallMenuCell.m in Sources */,
				E66C2C09250A338D00153CD7 /* NSString+MJExtension.m in Sources */,
				E6400F3824B8507F004C7060 /* ViewController.m in Sources */,
				E66C2BF5250A338D00153CD7 /* KSComposeButton.m in Sources */,
				E66C2C10250A338D00153CD7 /* KSChatInterfaceController.m in Sources */,
				E66C2C29250A338D00153CD7 /* KSCallView.m in Sources */,
				E66C2C35250A338D00153CD7 /* KSCallBarCell.m in Sources */,
				E66C2C05250A338D00153CD7 /* NSObject+MJClass.m in Sources */,
				E66C2BF2250A338D00153CD7 /* UIViewController+Category.m in Sources */,
				E66C2C46250A338D00153CD7 /* KSWaitingAnswersGroupView.m in Sources */,
				E66C2C12250A338D00153CD7 /* KSNotification.m in Sources */,
				E66C2BF9250A338D00153CD7 /* KSWebSocketConfigure.m in Sources */,
				E66C2C02250A338D00153CD7 /* MJProperty.m in Sources */,
				E66C2BE4250A338D00153CD7 /* KSSuperController+Category.m in Sources */,
				E66C2C2B250A338D00153CD7 /* KSScreenMediaView.m in Sources */,
				E66C2C0A250A338D00153CD7 /* SRWebSocket.m in Sources */,
				E66C2C22250A338D00153CD7 /* KSCollectionViewCell.m in Sources */,
				E66C2C34250A338D00153CD7 /* KSAnswerBarView.m in Sources */,
				E6B8774D251F30E80045062D /* KSLogicMsg.m in Sources */,
				E66C2C0F250A338D00153CD7 /* SVRadialGradientLayer.m in Sources */,
				E66C2BF4250A338D00153CD7 /* KSButton.m in Sources */,
				E66C2C2D250A338D00153CD7 /* KSTileMediaCell.m in Sources */,
				E66C2C1B250A338D00153CD7 /* KSMediaConnection.m in Sources */,
				E66C2C32250A338D00153CD7 /* KSCallMenuController.m in Sources */,
				E66C2BF0250A338D00153CD7 /* UILabel+Category.m in Sources */,
				E66C2BFA250A338D00153CD7 /* KSRegex.m in Sources */,
				E66C2BEF250A338D00153CD7 /* UIImageView+Category.m in Sources */,
				E66C2C11250A338D00153CD7 /* KSCoolTile.m in Sources */,
				E66C2C38250A338D00153CD7 /* KSFunctionalBarView.m in Sources */,
				E6400F4324B85080004C7060 /* main.m in Sources */,
				E66C2BF6250A338D00153CD7 /* KSIputView.m in Sources */,
				E66C2C44250A338D00153CD7 /* KSWaitingAnswersMemberCell.m in Sources */,
				E66C2C20250A338D00153CD7 /* KSSession.m in Sources */,
				E66C2C07250A338D00153CD7 /* NSObject+MJKeyValue.m in Sources */,
				E66C2C47250A338D00153CD7 /* KSWaitingAnswersView.m in Sources */,
				E66C2BFD250A338D00153CD7 /* KSChatController.m in Sources */,
				E66C2C13250A338D00153CD7 /* KSSignalingHandler.m in Sources */,
				E66C2C1D250A338D00153CD7 /* KSMediaTrack.m in Sources */,
				E66C2C2E250A338D00153CD7 /* KSTileMediaView.m in Sources */,
				E66C2C06250A338D00153CD7 /* NSObject+MJCoding.m in Sources */,
				E66C2C40250A338D00153CD7 /* KSProfileInfo.m in Sources */,
				E66C2C3D250A338D00153CD7 /* KSProfileBarView.m in Sources */,
				E66C2BE8250A338D00153CD7 /* RTCIceCandidate+Category.m in Sources */,
				E66C2BF7250A338D00153CD7 /* KSLayoutButton.m in Sources */,
				E66C2C2C250A338D00153CD7 /* KSTileLayout.m in Sources */,
				E66C2BED250A338D00153CD7 /* UIFont+Category.m in Sources */,
				E66C2BE9250A338D00153CD7 /* RTCPeerConnection+Category.m in Sources */,
				E66C2C26250A338D00153CD7 /* KSExecuteArgs.m in Sources */,
				E66C2C43250A338D00153CD7 /* KSTopBarView.m in Sources */,
				E66C2C2A250A338D00153CD7 /* KSMediaView.m in Sources */,
				E66C2C45250A338D00153CD7 /* KSCellAlignmentFlowLayout.m in Sources */,
				E66C2C36250A338D00153CD7 /* KSCallBarView.m in Sources */,
				E66C2C42250A338D00153CD7 /* KSCoolTipsView.m in Sources */,
				E66C2C24250A338D00153CD7 /* KSSuperController.m in Sources */,
				E66C2C03250A338D00153CD7 /* MJPropertyKey.m in Sources */,
				E6400F3524B8507F004C7060 /* AppDelegate.m in Sources */,
				E6B87733251F1FBD0045062D /* KSMessageHandler.m in Sources */,
				E66C2C01250A338D00153CD7 /* MJFoundation.m in Sources */,
				E66C2C41250A338D00153CD7 /* KSCoolHUB.m in Sources */,
				E66C2BEE250A338D00153CD7 /* UIImage+Category.m in Sources */,
				E66C2C3B250A338D00153CD7 /* KSMeetingBarView.m in Sources */,
				E66C2C17250A338D00153CD7 /* KSMsg.m in Sources */,
				E66C2C23250A338D00153CD7 /* KSTableViewCell.m in Sources */,
				E66C2BEA250A338D00153CD7 /* RTCSessionDescription+Category.m in Sources */,
				E66C2C18250A338D00153CD7 /* KSUserInfo.m in Sources */,
				E66C2BEB250A338D00153CD7 /* UIButton+Category.m in Sources */,
				E66C2BF8250A338D00153CD7 /* KSWebSocket.m in Sources */,
				E66C2C25250A338D00153CD7 /* KSAbstract.m in Sources */,
				E66C2BE6250A338D00153CD7 /* NSObject+Category.m in Sources */,
				E66C2C0C250A338D00153CD7 /* SVProgressAnimatedView.m in Sources */,
				E66C2C21250A338D00153CD7 /* KSWebRTCManager.m in Sources */,
				E66C2BFB250A338D00153CD7 /* KSTimekeeper.m in Sources */,
				E66C2C00250A338D00153CD7 /* MJExtensionConst.m in Sources */,
				E66C2BEC250A338D00153CD7 /* UIColor+Category.m in Sources */,
			);
			runOnlyForDeploymentPostprocessing = 0;
		};
/* End PBXSourcesBuildPhase section */

/* Begin PBXVariantGroup section */
		E6400F3924B8507F004C7060 /* Main.storyboard */ = {
			isa = PBXVariantGroup;
			children = (
				E6400F3A24B8507F004C7060 /* Base */,
				E632FECC24E9401E0049ED8A /* zh-Hant */,
			);
			name = Main.storyboard;
			sourceTree = "<group>";
		};
		E6400F3E24B85080004C7060 /* LaunchScreen.storyboard */ = {
			isa = PBXVariantGroup;
			children = (
				E6400F3F24B85080004C7060 /* Base */,
				E632FECD24E9401E0049ED8A /* zh-Hant */,
			);
			name = LaunchScreen.storyboard;
			sourceTree = "<group>";
		};
		E6E1E6B524E9444300536FBB /* Localizable.strings */ = {
			isa = PBXVariantGroup;
			children = (
				E6E1E6B424E9444300536FBB /* en */,
				E6E1E6B624E9444800536FBB /* zh-Hant */,
			);
			name = Localizable.strings;
			sourceTree = "<group>";
		};
/* End PBXVariantGroup section */

/* Begin XCBuildConfiguration section */
		E6400F4424B85080004C7060 /* Debug */ = {
			isa = XCBuildConfiguration;
			buildSettings = {
				ALWAYS_SEARCH_USER_PATHS = NO;
				CLANG_ANALYZER_LOCALIZABILITY_NONLOCALIZED = YES;
				CLANG_ANALYZER_NONNULL = YES;
				CLANG_ANALYZER_NUMBER_OBJECT_CONVERSION = YES_AGGRESSIVE;
				CLANG_CXX_LANGUAGE_STANDARD = "gnu++14";
				CLANG_CXX_LIBRARY = "libc++";
				CLANG_ENABLE_MODULES = YES;
				CLANG_ENABLE_OBJC_ARC = YES;
				CLANG_ENABLE_OBJC_WEAK = YES;
				CLANG_WARN_BLOCK_CAPTURE_AUTORELEASING = YES;
				CLANG_WARN_BOOL_CONVERSION = YES;
				CLANG_WARN_COMMA = YES;
				CLANG_WARN_CONSTANT_CONVERSION = YES;
				CLANG_WARN_DEPRECATED_OBJC_IMPLEMENTATIONS = YES;
				CLANG_WARN_DIRECT_OBJC_ISA_USAGE = YES_ERROR;
				CLANG_WARN_DOCUMENTATION_COMMENTS = YES;
				CLANG_WARN_EMPTY_BODY = YES;
				CLANG_WARN_ENUM_CONVERSION = YES;
				CLANG_WARN_INFINITE_RECURSION = YES;
				CLANG_WARN_INT_CONVERSION = YES;
				CLANG_WARN_NON_LITERAL_NULL_CONVERSION = YES;
				CLANG_WARN_OBJC_IMPLICIT_RETAIN_SELF = YES;
				CLANG_WARN_OBJC_LITERAL_CONVERSION = YES;
				CLANG_WARN_OBJC_ROOT_CLASS = YES_ERROR;
				CLANG_WARN_RANGE_LOOP_ANALYSIS = YES;
				CLANG_WARN_STRICT_PROTOTYPES = YES;
				CLANG_WARN_SUSPICIOUS_MOVE = YES;
				CLANG_WARN_UNGUARDED_AVAILABILITY = YES_AGGRESSIVE;
				CLANG_WARN_UNREACHABLE_CODE = YES;
				CLANG_WARN__DUPLICATE_METHOD_MATCH = YES;
				CODE_SIGN_IDENTITY = "iPhone Developer";
				COPY_PHASE_STRIP = NO;
				DEBUG_INFORMATION_FORMAT = dwarf;
				ENABLE_STRICT_OBJC_MSGSEND = YES;
				ENABLE_TESTABILITY = YES;
				GCC_C_LANGUAGE_STANDARD = gnu11;
				GCC_DYNAMIC_NO_PIC = NO;
				GCC_NO_COMMON_BLOCKS = YES;
				GCC_OPTIMIZATION_LEVEL = 0;
				GCC_PREPROCESSOR_DEFINITIONS = (
					"DEBUG=1",
					"$(inherited)",
				);
				GCC_WARN_64_TO_32_BIT_CONVERSION = YES;
				GCC_WARN_ABOUT_RETURN_TYPE = YES_ERROR;
				GCC_WARN_UNDECLARED_SELECTOR = YES;
				GCC_WARN_UNINITIALIZED_AUTOS = YES_AGGRESSIVE;
				GCC_WARN_UNUSED_FUNCTION = YES;
				GCC_WARN_UNUSED_VARIABLE = YES;
				IPHONEOS_DEPLOYMENT_TARGET = 10.0;
				MTL_ENABLE_DEBUG_INFO = YES;
				ONLY_ACTIVE_ARCH = YES;
				SDKROOT = iphoneos;
			};
			name = Debug;
		};
		E6400F4524B85080004C7060 /* Release */ = {
			isa = XCBuildConfiguration;
			buildSettings = {
				ALWAYS_SEARCH_USER_PATHS = NO;
				CLANG_ANALYZER_LOCALIZABILITY_NONLOCALIZED = YES;
				CLANG_ANALYZER_NONNULL = YES;
				CLANG_ANALYZER_NUMBER_OBJECT_CONVERSION = YES_AGGRESSIVE;
				CLANG_CXX_LANGUAGE_STANDARD = "gnu++14";
				CLANG_CXX_LIBRARY = "libc++";
				CLANG_ENABLE_MODULES = YES;
				CLANG_ENABLE_OBJC_ARC = YES;
				CLANG_ENABLE_OBJC_WEAK = YES;
				CLANG_WARN_BLOCK_CAPTURE_AUTORELEASING = YES;
				CLANG_WARN_BOOL_CONVERSION = YES;
				CLANG_WARN_COMMA = YES;
				CLANG_WARN_CONSTANT_CONVERSION = YES;
				CLANG_WARN_DEPRECATED_OBJC_IMPLEMENTATIONS = YES;
				CLANG_WARN_DIRECT_OBJC_ISA_USAGE = YES_ERROR;
				CLANG_WARN_DOCUMENTATION_COMMENTS = YES;
				CLANG_WARN_EMPTY_BODY = YES;
				CLANG_WARN_ENUM_CONVERSION = YES;
				CLANG_WARN_INFINITE_RECURSION = YES;
				CLANG_WARN_INT_CONVERSION = YES;
				CLANG_WARN_NON_LITERAL_NULL_CONVERSION = YES;
				CLANG_WARN_OBJC_IMPLICIT_RETAIN_SELF = YES;
				CLANG_WARN_OBJC_LITERAL_CONVERSION = YES;
				CLANG_WARN_OBJC_ROOT_CLASS = YES_ERROR;
				CLANG_WARN_RANGE_LOOP_ANALYSIS = YES;
				CLANG_WARN_STRICT_PROTOTYPES = YES;
				CLANG_WARN_SUSPICIOUS_MOVE = YES;
				CLANG_WARN_UNGUARDED_AVAILABILITY = YES_AGGRESSIVE;
				CLANG_WARN_UNREACHABLE_CODE = YES;
				CLANG_WARN__DUPLICATE_METHOD_MATCH = YES;
				CODE_SIGN_IDENTITY = "iPhone Developer";
				COPY_PHASE_STRIP = NO;
				DEBUG_INFORMATION_FORMAT = "dwarf-with-dsym";
				ENABLE_NS_ASSERTIONS = NO;
				ENABLE_STRICT_OBJC_MSGSEND = YES;
				GCC_C_LANGUAGE_STANDARD = gnu11;
				GCC_NO_COMMON_BLOCKS = YES;
				GCC_WARN_64_TO_32_BIT_CONVERSION = YES;
				GCC_WARN_ABOUT_RETURN_TYPE = YES_ERROR;
				GCC_WARN_UNDECLARED_SELECTOR = YES;
				GCC_WARN_UNINITIALIZED_AUTOS = YES_AGGRESSIVE;
				GCC_WARN_UNUSED_FUNCTION = YES;
				GCC_WARN_UNUSED_VARIABLE = YES;
				IPHONEOS_DEPLOYMENT_TARGET = 10.0;
				MTL_ENABLE_DEBUG_INFO = NO;
				SDKROOT = iphoneos;
				VALIDATE_PRODUCT = YES;
			};
			name = Release;
		};
		E6400F4724B85080004C7060 /* Debug */ = {
			isa = XCBuildConfiguration;
			buildSettings = {
				ASSETCATALOG_COMPILER_APPICON_NAME = AppIcon;
				CODE_SIGN_STYLE = Manual;
				DEVELOPMENT_TEAM = 6QF9D395EN;
				ENABLE_BITCODE = NO;
				FRAMEWORK_SEARCH_PATHS = (
					"$(inherited)",
					"$(PROJECT_DIR)/KSWebRTC/Script/Chat/Frameworks",
					"$(PROJECT_DIR)/KSWebRTC/Script/Script/Chat/Frameworks",
				);
				GCC_PRECOMPILE_PREFIX_HEADER = YES;
				GCC_PREFIX_HEADER = "${SRCROOT}/KSWebRTC/Script/Chat/Custom/Import/KSPrefixHeader.pch";
				INFOPLIST_FILE = KSWebRTC/Info.plist;
				IPHONEOS_DEPLOYMENT_TARGET = 10.0;
				LD_RUNPATH_SEARCH_PATHS = (
					"$(inherited)",
					"@executable_path/Frameworks",
				);
				PRODUCT_BUNDLE_IDENTIFIER = com.topgamesinc.eirua8alpha;
				PRODUCT_NAME = "$(TARGET_NAME)";
				PROVISIONING_PROFILE_SPECIFIER = "Eirua8 Dev";
				TARGETED_DEVICE_FAMILY = "1,2";
			};
			name = Debug;
		};
		E6400F4824B85080004C7060 /* Release */ = {
			isa = XCBuildConfiguration;
			buildSettings = {
				ASSETCATALOG_COMPILER_APPICON_NAME = AppIcon;
				CODE_SIGN_STYLE = Manual;
				DEVELOPMENT_TEAM = 6QF9D395EN;
				ENABLE_BITCODE = NO;
				FRAMEWORK_SEARCH_PATHS = (
					"$(inherited)",
					"$(PROJECT_DIR)/KSWebRTC/Script/Chat/Frameworks",
					"$(PROJECT_DIR)/KSWebRTC/Script/Script/Chat/Frameworks",
				);
				GCC_PRECOMPILE_PREFIX_HEADER = YES;
				GCC_PREFIX_HEADER = "${SRCROOT}/KSWebRTC/Script/Chat/Custom/Import/KSPrefixHeader.pch";
				INFOPLIST_FILE = KSWebRTC/Info.plist;
				IPHONEOS_DEPLOYMENT_TARGET = 10.0;
				LD_RUNPATH_SEARCH_PATHS = (
					"$(inherited)",
					"@executable_path/Frameworks",
				);
				PRODUCT_BUNDLE_IDENTIFIER = com.topgamesinc.eirua8alpha;
				PRODUCT_NAME = "$(TARGET_NAME)";
				PROVISIONING_PROFILE_SPECIFIER = "Eirua8 Dev";
				TARGETED_DEVICE_FAMILY = "1,2";
			};
			name = Release;
		};
/* End XCBuildConfiguration section */

/* Begin XCConfigurationList section */
		E6400F2B24B8507F004C7060 /* Build configuration list for PBXProject "KSWebRTC" */ = {
			isa = XCConfigurationList;
			buildConfigurations = (
				E6400F4424B85080004C7060 /* Debug */,
				E6400F4524B85080004C7060 /* Release */,
			);
			defaultConfigurationIsVisible = 0;
			defaultConfigurationName = Release;
		};
		E6400F4624B85080004C7060 /* Build configuration list for PBXNativeTarget "KSWebRTC" */ = {
			isa = XCConfigurationList;
			buildConfigurations = (
				E6400F4724B85080004C7060 /* Debug */,
				E6400F4824B85080004C7060 /* Release */,
			);
			defaultConfigurationIsVisible = 0;
			defaultConfigurationName = Release;
		};
/* End XCConfigurationList section */
	};
	rootObject = E6400F2824B8507F004C7060 /* Project object */;
}
